// !$*UTF8*$!
{
	archiveVersion = 1;
	classes = {
	};
	objectVersion = 50;
	objects = {

/* Begin PBXBuildFile section */
		81074467263942C8004A7CB0 /* RatingView.swift in Sources */ = {isa = PBXBuildFile; fileRef = 81074466263942C8004A7CB0 /* RatingView.swift */; };
		81074469263948BF004A7CB0 /* EmojiRatingView.swift in Sources */ = {isa = PBXBuildFile; fileRef = 81074468263948BF004A7CB0 /* EmojiRatingView.swift */; };
		8107446B26394C47004A7CB0 /* DetailView.swift in Sources */ = {isa = PBXBuildFile; fileRef = 8107446A26394C47004A7CB0 /* DetailView.swift */; };
		8108C42625F3B22A00060F68 /* BetterRestApp.swift in Sources */ = {isa = PBXBuildFile; fileRef = 8108C42525F3B22A00060F68 /* BetterRestApp.swift */; };
		8108C42825F3B22A00060F68 /* ContentView.swift in Sources */ = {isa = PBXBuildFile; fileRef = 8108C42725F3B22A00060F68 /* ContentView.swift */; };
		8108C42A25F3B22D00060F68 /* Assets.xcassets in Resources */ = {isa = PBXBuildFile; fileRef = 8108C42925F3B22D00060F68 /* Assets.xcassets */; };
		8108C42D25F3B22D00060F68 /* Preview Assets.xcassets in Resources */ = {isa = PBXBuildFile; fileRef = 8108C42C25F3B22D00060F68 /* Preview Assets.xcassets */; };
		812A2A252638680A00BD6603 /* BookwormApp.swift in Sources */ = {isa = PBXBuildFile; fileRef = 812A2A242638680A00BD6603 /* BookwormApp.swift */; };
		812A2A272638680A00BD6603 /* ContentView.swift in Sources */ = {isa = PBXBuildFile; fileRef = 812A2A262638680A00BD6603 /* ContentView.swift */; };
		812A2A292638680B00BD6603 /* Assets.xcassets in Resources */ = {isa = PBXBuildFile; fileRef = 812A2A282638680B00BD6603 /* Assets.xcassets */; };
		812A2A2C2638680B00BD6603 /* Preview Assets.xcassets in Resources */ = {isa = PBXBuildFile; fileRef = 812A2A2B2638680B00BD6603 /* Preview Assets.xcassets */; };
		812A2A2E2638680B00BD6603 /* Persistence.swift in Sources */ = {isa = PBXBuildFile; fileRef = 812A2A2D2638680B00BD6603 /* Persistence.swift */; };
		812A2A312638680B00BD6603 /* Bookworm.xcdatamodeld in Sources */ = {isa = PBXBuildFile; fileRef = 812A2A2F2638680B00BD6603 /* Bookworm.xcdatamodeld */; };
		813455AE25F012DC00DB3375 /* WeSplitApp.swift in Sources */ = {isa = PBXBuildFile; fileRef = 813455AD25F012DC00DB3375 /* WeSplitApp.swift */; };
		813455B025F012DC00DB3375 /* ContentView.swift in Sources */ = {isa = PBXBuildFile; fileRef = 813455AF25F012DC00DB3375 /* ContentView.swift */; };
		813455B225F012DE00DB3375 /* Assets.xcassets in Resources */ = {isa = PBXBuildFile; fileRef = 813455B125F012DE00DB3375 /* Assets.xcassets */; };
		813455B525F012DE00DB3375 /* Preview Assets.xcassets in Resources */ = {isa = PBXBuildFile; fileRef = 813455B425F012DE00DB3375 /* Preview Assets.xcassets */; };
		8137B07C263496580018E520 /* CheckoutView.swift in Sources */ = {isa = PBXBuildFile; fileRef = 8137B07B263496580018E520 /* CheckoutView.swift */; };
		814228D425FE8D2000D0332B /* AnimationsApp.swift in Sources */ = {isa = PBXBuildFile; fileRef = 814228D325FE8D2000D0332B /* AnimationsApp.swift */; };
		814228D625FE8D2000D0332B /* ImplicitAnimationsView.swift in Sources */ = {isa = PBXBuildFile; fileRef = 814228D525FE8D2000D0332B /* ImplicitAnimationsView.swift */; };
		814228D825FE8D2100D0332B /* Assets.xcassets in Resources */ = {isa = PBXBuildFile; fileRef = 814228D725FE8D2100D0332B /* Assets.xcassets */; };
		814228DB25FE8D2100D0332B /* Preview Assets.xcassets in Resources */ = {isa = PBXBuildFile; fileRef = 814228DA25FE8D2100D0332B /* Preview Assets.xcassets */; };
		8147BCFD264082D70011C8DB /* ImagePickerDemo.swift in Sources */ = {isa = PBXBuildFile; fileRef = 8147BCFC264082D70011C8DB /* ImagePickerDemo.swift */; };
		8147BCFF264083970011C8DB /* WrapViewControllerDemo.swift in Sources */ = {isa = PBXBuildFile; fileRef = 8147BCFE264083970011C8DB /* WrapViewControllerDemo.swift */; };
		815B5CF226318B26000539EB /* astronauts.json in Resources */ = {isa = PBXBuildFile; fileRef = 815B5CF026318B25000539EB /* astronauts.json */; };
		815B5CF326318B26000539EB /* missions.json in Resources */ = {isa = PBXBuildFile; fileRef = 815B5CF126318B26000539EB /* missions.json */; };
		815B5CFD26318B9A000539EB /* Astronaut.swift in Sources */ = {isa = PBXBuildFile; fileRef = 815B5CFC26318B9A000539EB /* Astronaut.swift */; };
		815B5D0726318C5B000539EB /* Bundle-Decodable.swift in Sources */ = {isa = PBXBuildFile; fileRef = 815B5D0626318C5B000539EB /* Bundle-Decodable.swift */; };
		815B5D1126319039000539EB /* Mission.swift in Sources */ = {isa = PBXBuildFile; fileRef = 815B5D1026319039000539EB /* Mission.swift */; };
		815C19A126346C4700077C7A /* AddressView.swift in Sources */ = {isa = PBXBuildFile; fileRef = 815C19A026346C4700077C7A /* AddressView.swift */; };
		815FEA8625F2A601009ED286 /* ViewsAndModifiersApp.swift in Sources */ = {isa = PBXBuildFile; fileRef = 815FEA8525F2A601009ED286 /* ViewsAndModifiersApp.swift */; };
		815FEA8825F2A601009ED286 /* ViewComposition.swift in Sources */ = {isa = PBXBuildFile; fileRef = 815FEA8725F2A601009ED286 /* ViewComposition.swift */; };
		815FEA8A25F2A602009ED286 /* Assets.xcassets in Resources */ = {isa = PBXBuildFile; fileRef = 815FEA8925F2A602009ED286 /* Assets.xcassets */; };
		815FEA8D25F2A602009ED286 /* Preview Assets.xcassets in Resources */ = {isa = PBXBuildFile; fileRef = 815FEA8C25F2A602009ED286 /* Preview Assets.xcassets */; };
		815FEA9925F2B07B009ED286 /* CustomModifiers.swift in Sources */ = {isa = PBXBuildFile; fileRef = 815FEA9825F2B07B009ED286 /* CustomModifiers.swift */; };
		8161B1FA2638AC5F004DB397 /* AddBookView.swift in Sources */ = {isa = PBXBuildFile; fileRef = 8161B1F92638AC5F004DB397 /* AddBookView.swift */; };
		8169AC03263ABA020051706A /* InstafilterApp.swift in Sources */ = {isa = PBXBuildFile; fileRef = 8169AC02263ABA020051706A /* InstafilterApp.swift */; };
		8169AC05263ABA020051706A /* ContentView.swift in Sources */ = {isa = PBXBuildFile; fileRef = 8169AC04263ABA020051706A /* ContentView.swift */; };
		8169AC07263ABA030051706A /* Assets.xcassets in Resources */ = {isa = PBXBuildFile; fileRef = 8169AC06263ABA030051706A /* Assets.xcassets */; };
		8169AC0A263ABA030051706A /* Preview Assets.xcassets in Resources */ = {isa = PBXBuildFile; fileRef = 8169AC09263ABA030051706A /* Preview Assets.xcassets */; };
		816A8146263C8C9300ABDF59 /* CustomBidingDemo.swift in Sources */ = {isa = PBXBuildFile; fileRef = 816A8145263C8C9300ABDF59 /* CustomBidingDemo.swift */; };
		816A8148263C8CC800ABDF59 /* ActionSheetDemo.swift in Sources */ = {isa = PBXBuildFile; fileRef = 816A8147263C8CC800ABDF59 /* ActionSheetDemo.swift */; };
		8179299D263F5BDC0078E358 /* CoreImageDemo.swift in Sources */ = {isa = PBXBuildFile; fileRef = 8179299C263F5BDC0078E358 /* CoreImageDemo.swift */; };
		81A1A5922632BC1600638C8C /* AstronautView.swift in Sources */ = {isa = PBXBuildFile; fileRef = 81A1A5912632BC1600638C8C /* AstronautView.swift */; };
		81A1A5CE2632CFD500638C8C /* CupcakeCornerApp.swift in Sources */ = {isa = PBXBuildFile; fileRef = 81A1A5CD2632CFD500638C8C /* CupcakeCornerApp.swift */; };
		81A1A5D02632CFD500638C8C /* ContentView.swift in Sources */ = {isa = PBXBuildFile; fileRef = 81A1A5CF2632CFD500638C8C /* ContentView.swift */; };
		81A1A5D22632CFD500638C8C /* Assets.xcassets in Resources */ = {isa = PBXBuildFile; fileRef = 81A1A5D12632CFD500638C8C /* Assets.xcassets */; };
		81A1A5D52632CFD500638C8C /* Preview Assets.xcassets in Resources */ = {isa = PBXBuildFile; fileRef = 81A1A5D42632CFD500638C8C /* Preview Assets.xcassets */; };
		81A1A5E52632D06D00638C8C /* CodableDemo.swift in Sources */ = {isa = PBXBuildFile; fileRef = 81A1A5E42632D06D00638C8C /* CodableDemo.swift */; };
		81A63726260D028B007E2BAA /* iExpenseApp.swift in Sources */ = {isa = PBXBuildFile; fileRef = 81A63725260D028B007E2BAA /* iExpenseApp.swift */; };
		81A63728260D028B007E2BAA /* ContentView.swift in Sources */ = {isa = PBXBuildFile; fileRef = 81A63727260D028B007E2BAA /* ContentView.swift */; };
		81A6372A260D028B007E2BAA /* Assets.xcassets in Resources */ = {isa = PBXBuildFile; fileRef = 81A63729260D028B007E2BAA /* Assets.xcassets */; };
		81A6372D260D028B007E2BAA /* Preview Assets.xcassets in Resources */ = {isa = PBXBuildFile; fileRef = 81A6372C260D028B007E2BAA /* Preview Assets.xcassets */; };
		81A6CBE62618D72100C1CD9D /* AddView.swift in Sources */ = {isa = PBXBuildFile; fileRef = 81A6CBE52618D72100C1CD9D /* AddView.swift */; };
		81A72894260F7B1600708345 /* ExpenseItem.swift in Sources */ = {isa = PBXBuildFile; fileRef = 81A72893260F7B1600708345 /* ExpenseItem.swift */; };
		81A7289D260F7B4F00708345 /* Expenses.swift in Sources */ = {isa = PBXBuildFile; fileRef = 81A7289C260F7B4F00708345 /* Expenses.swift */; };
		81A7FC6225F11F2200A44FA0 /* GuessTheFlagApp.swift in Sources */ = {isa = PBXBuildFile; fileRef = 81A7FC6125F11F2200A44FA0 /* GuessTheFlagApp.swift */; };
		81A7FC6425F11F2200A44FA0 /* ContentView.swift in Sources */ = {isa = PBXBuildFile; fileRef = 81A7FC6325F11F2200A44FA0 /* ContentView.swift */; };
		81A7FC6625F11F2400A44FA0 /* Assets.xcassets in Resources */ = {isa = PBXBuildFile; fileRef = 81A7FC6525F11F2400A44FA0 /* Assets.xcassets */; };
		81A7FC6925F11F2400A44FA0 /* Preview Assets.xcassets in Resources */ = {isa = PBXBuildFile; fileRef = 81A7FC6825F11F2400A44FA0 /* Preview Assets.xcassets */; };
		81A8998D26074D900052C94E /* CustomizingAnimations.swift in Sources */ = {isa = PBXBuildFile; fileRef = 81A8998C26074D900052C94E /* CustomizingAnimations.swift */; };
		81A8999B2607511C0052C94E /* AnimationBindings.swift in Sources */ = {isa = PBXBuildFile; fileRef = 81A8999A2607511C0052C94E /* AnimationBindings.swift */; };
		81B397022642AFF300D88C39 /* ImageSaverDemo.swift in Sources */ = {isa = PBXBuildFile; fileRef = 81B397012642AFF300D88C39 /* ImageSaverDemo.swift */; };
		81B397042642D56B00D88C39 /* ImagePicker.swift in Sources */ = {isa = PBXBuildFile; fileRef = 81B397032642D56B00D88C39 /* ImagePicker.swift */; };
		81B9AB6F25F425A400390A94 /* SleepCalculator.mlmodel in Sources */ = {isa = PBXBuildFile; fileRef = 81B9AB6E25F425A400390A94 /* SleepCalculator.mlmodel */; };
		81B9AB7B25F4310C00390A94 /* WordScrambleApp.swift in Sources */ = {isa = PBXBuildFile; fileRef = 81B9AB7A25F4310C00390A94 /* WordScrambleApp.swift */; };
		81B9AB7D25F4310C00390A94 /* ContentView.swift in Sources */ = {isa = PBXBuildFile; fileRef = 81B9AB7C25F4310C00390A94 /* ContentView.swift */; };
		81B9AB7F25F4310D00390A94 /* Assets.xcassets in Resources */ = {isa = PBXBuildFile; fileRef = 81B9AB7E25F4310D00390A94 /* Assets.xcassets */; };
		81B9AB8225F4310D00390A94 /* Preview Assets.xcassets in Resources */ = {isa = PBXBuildFile; fileRef = 81B9AB8125F4310D00390A94 /* Preview Assets.xcassets */; };
		81BB4F2E2632A7AB0074C83B /* MissionView.swift in Sources */ = {isa = PBXBuildFile; fileRef = 81BB4F2D2632A7AB0074C83B /* MissionView.swift */; };
		81C4B550263403AF008ABE06 /* URLSessionDemo.swift in Sources */ = {isa = PBXBuildFile; fileRef = 81C4B54F263403AF008ABE06 /* URLSessionDemo.swift */; };
		81C4B55B26340724008ABE06 /* Order.swift in Sources */ = {isa = PBXBuildFile; fileRef = 81C4B55A26340724008ABE06 /* Order.swift */; };
		81D6305E25FE1D60001938DC /* start.txt in Resources */ = {isa = PBXBuildFile; fileRef = 81D6305D25FE1D60001938DC /* start.txt */; };
		81F2B3FA262ED6D4006B8622 /* MoonshotApp.swift in Sources */ = {isa = PBXBuildFile; fileRef = 81F2B3F9262ED6D4006B8622 /* MoonshotApp.swift */; };
		81F2B3FC262ED6D4006B8622 /* ContentView.swift in Sources */ = {isa = PBXBuildFile; fileRef = 81F2B3FB262ED6D4006B8622 /* ContentView.swift */; };
		81F2B3FE262ED6D6006B8622 /* Assets.xcassets in Resources */ = {isa = PBXBuildFile; fileRef = 81F2B3FD262ED6D6006B8622 /* Assets.xcassets */; };
		81F2B401262ED6D6006B8622 /* Preview Assets.xcassets in Resources */ = {isa = PBXBuildFile; fileRef = 81F2B400262ED6D6006B8622 /* Preview Assets.xcassets */; };
		81F2B40F262ED91E006B8622 /* GeometryReaderDemo.swift in Sources */ = {isa = PBXBuildFile; fileRef = 81F2B40E262ED91E006B8622 /* GeometryReaderDemo.swift */; };
		81F2B419262ED95A006B8622 /* ScrollViewDemo.swift in Sources */ = {isa = PBXBuildFile; fileRef = 81F2B418262ED95A006B8622 /* ScrollViewDemo.swift */; };
		81F2B423262EF553006B8622 /* NavigationLinkDemo.swift in Sources */ = {isa = PBXBuildFile; fileRef = 81F2B422262EF553006B8622 /* NavigationLinkDemo.swift */; };
		81F353552647E0CB0066F0F6 /* ImageSaver.swift in Sources */ = {isa = PBXBuildFile; fileRef = 81F353542647E0CB0066F0F6 /* ImageSaver.swift */; };
/* End PBXBuildFile section */

/* Begin PBXFileReference section */
		81074466263942C8004A7CB0 /* RatingView.swift */ = {isa = PBXFileReference; lastKnownFileType = sourcecode.swift; path = RatingView.swift; sourceTree = "<group>"; };
		81074468263948BF004A7CB0 /* EmojiRatingView.swift */ = {isa = PBXFileReference; lastKnownFileType = sourcecode.swift; path = EmojiRatingView.swift; sourceTree = "<group>"; };
		8107446A26394C47004A7CB0 /* DetailView.swift */ = {isa = PBXFileReference; lastKnownFileType = sourcecode.swift; path = DetailView.swift; sourceTree = "<group>"; };
		8108C42325F3B22A00060F68 /* BetterRest.app */ = {isa = PBXFileReference; explicitFileType = wrapper.application; includeInIndex = 0; path = BetterRest.app; sourceTree = BUILT_PRODUCTS_DIR; };
		8108C42525F3B22A00060F68 /* BetterRestApp.swift */ = {isa = PBXFileReference; lastKnownFileType = sourcecode.swift; path = BetterRestApp.swift; sourceTree = "<group>"; };
		8108C42725F3B22A00060F68 /* ContentView.swift */ = {isa = PBXFileReference; lastKnownFileType = sourcecode.swift; path = ContentView.swift; sourceTree = "<group>"; };
		8108C42925F3B22D00060F68 /* Assets.xcassets */ = {isa = PBXFileReference; lastKnownFileType = folder.assetcatalog; path = Assets.xcassets; sourceTree = "<group>"; };
		8108C42C25F3B22D00060F68 /* Preview Assets.xcassets */ = {isa = PBXFileReference; lastKnownFileType = folder.assetcatalog; path = "Preview Assets.xcassets"; sourceTree = "<group>"; };
		8108C42E25F3B22D00060F68 /* Info.plist */ = {isa = PBXFileReference; lastKnownFileType = text.plist.xml; path = Info.plist; sourceTree = "<group>"; };
		812A2A222638680A00BD6603 /* Bookworm.app */ = {isa = PBXFileReference; explicitFileType = wrapper.application; includeInIndex = 0; path = Bookworm.app; sourceTree = BUILT_PRODUCTS_DIR; };
		812A2A242638680A00BD6603 /* BookwormApp.swift */ = {isa = PBXFileReference; lastKnownFileType = sourcecode.swift; path = BookwormApp.swift; sourceTree = "<group>"; };
		812A2A262638680A00BD6603 /* ContentView.swift */ = {isa = PBXFileReference; lastKnownFileType = sourcecode.swift; path = ContentView.swift; sourceTree = "<group>"; };
		812A2A282638680B00BD6603 /* Assets.xcassets */ = {isa = PBXFileReference; lastKnownFileType = folder.assetcatalog; path = Assets.xcassets; sourceTree = "<group>"; };
		812A2A2B2638680B00BD6603 /* Preview Assets.xcassets */ = {isa = PBXFileReference; lastKnownFileType = folder.assetcatalog; path = "Preview Assets.xcassets"; sourceTree = "<group>"; };
		812A2A2D2638680B00BD6603 /* Persistence.swift */ = {isa = PBXFileReference; lastKnownFileType = sourcecode.swift; path = Persistence.swift; sourceTree = "<group>"; };
		812A2A302638680B00BD6603 /* Bookworm.xcdatamodel */ = {isa = PBXFileReference; lastKnownFileType = wrapper.xcdatamodel; path = Bookworm.xcdatamodel; sourceTree = "<group>"; };
		812A2A322638680B00BD6603 /* Info.plist */ = {isa = PBXFileReference; lastKnownFileType = text.plist.xml; path = Info.plist; sourceTree = "<group>"; };
		813455AB25F012DC00DB3375 /* WeSplit.app */ = {isa = PBXFileReference; explicitFileType = wrapper.application; includeInIndex = 0; path = WeSplit.app; sourceTree = BUILT_PRODUCTS_DIR; };
		813455AD25F012DC00DB3375 /* WeSplitApp.swift */ = {isa = PBXFileReference; lastKnownFileType = sourcecode.swift; path = WeSplitApp.swift; sourceTree = "<group>"; };
		813455AF25F012DC00DB3375 /* ContentView.swift */ = {isa = PBXFileReference; lastKnownFileType = sourcecode.swift; path = ContentView.swift; sourceTree = "<group>"; };
		813455B125F012DE00DB3375 /* Assets.xcassets */ = {isa = PBXFileReference; lastKnownFileType = folder.assetcatalog; path = Assets.xcassets; sourceTree = "<group>"; };
		813455B425F012DE00DB3375 /* Preview Assets.xcassets */ = {isa = PBXFileReference; lastKnownFileType = folder.assetcatalog; path = "Preview Assets.xcassets"; sourceTree = "<group>"; };
		813455B625F012DE00DB3375 /* Info.plist */ = {isa = PBXFileReference; lastKnownFileType = text.plist.xml; path = Info.plist; sourceTree = "<group>"; };
		8137B07B263496580018E520 /* CheckoutView.swift */ = {isa = PBXFileReference; lastKnownFileType = sourcecode.swift; path = CheckoutView.swift; sourceTree = "<group>"; };
		814228D125FE8D2000D0332B /* Animations.app */ = {isa = PBXFileReference; explicitFileType = wrapper.application; includeInIndex = 0; path = Animations.app; sourceTree = BUILT_PRODUCTS_DIR; };
		814228D325FE8D2000D0332B /* AnimationsApp.swift */ = {isa = PBXFileReference; lastKnownFileType = sourcecode.swift; path = AnimationsApp.swift; sourceTree = "<group>"; };
		814228D525FE8D2000D0332B /* ImplicitAnimationsView.swift */ = {isa = PBXFileReference; lastKnownFileType = sourcecode.swift; path = ImplicitAnimationsView.swift; sourceTree = "<group>"; };
		814228D725FE8D2100D0332B /* Assets.xcassets */ = {isa = PBXFileReference; lastKnownFileType = folder.assetcatalog; path = Assets.xcassets; sourceTree = "<group>"; };
		814228DA25FE8D2100D0332B /* Preview Assets.xcassets */ = {isa = PBXFileReference; lastKnownFileType = folder.assetcatalog; path = "Preview Assets.xcassets"; sourceTree = "<group>"; };
		814228DC25FE8D2100D0332B /* Info.plist */ = {isa = PBXFileReference; lastKnownFileType = text.plist.xml; path = Info.plist; sourceTree = "<group>"; };
		8147BCFC264082D70011C8DB /* ImagePickerDemo.swift */ = {isa = PBXFileReference; lastKnownFileType = sourcecode.swift; path = ImagePickerDemo.swift; sourceTree = "<group>"; };
		8147BCFE264083970011C8DB /* WrapViewControllerDemo.swift */ = {isa = PBXFileReference; lastKnownFileType = sourcecode.swift; path = WrapViewControllerDemo.swift; sourceTree = "<group>"; };
		815B5CF026318B25000539EB /* astronauts.json */ = {isa = PBXFileReference; fileEncoding = 4; lastKnownFileType = text.json; path = astronauts.json; sourceTree = "<group>"; };
		815B5CF126318B26000539EB /* missions.json */ = {isa = PBXFileReference; fileEncoding = 4; lastKnownFileType = text.json; path = missions.json; sourceTree = "<group>"; };
		815B5CFC26318B9A000539EB /* Astronaut.swift */ = {isa = PBXFileReference; lastKnownFileType = sourcecode.swift; path = Astronaut.swift; sourceTree = "<group>"; };
		815B5D0626318C5B000539EB /* Bundle-Decodable.swift */ = {isa = PBXFileReference; lastKnownFileType = sourcecode.swift; path = "Bundle-Decodable.swift"; sourceTree = "<group>"; };
		815B5D1026319039000539EB /* Mission.swift */ = {isa = PBXFileReference; lastKnownFileType = sourcecode.swift; path = Mission.swift; sourceTree = "<group>"; };
		815C19A026346C4700077C7A /* AddressView.swift */ = {isa = PBXFileReference; lastKnownFileType = sourcecode.swift; path = AddressView.swift; sourceTree = "<group>"; };
		815FEA8325F2A601009ED286 /* ViewsAndModifiers.app */ = {isa = PBXFileReference; explicitFileType = wrapper.application; includeInIndex = 0; path = ViewsAndModifiers.app; sourceTree = BUILT_PRODUCTS_DIR; };
		815FEA8525F2A601009ED286 /* ViewsAndModifiersApp.swift */ = {isa = PBXFileReference; lastKnownFileType = sourcecode.swift; path = ViewsAndModifiersApp.swift; sourceTree = "<group>"; };
		815FEA8725F2A601009ED286 /* ViewComposition.swift */ = {isa = PBXFileReference; lastKnownFileType = sourcecode.swift; path = ViewComposition.swift; sourceTree = "<group>"; };
		815FEA8925F2A602009ED286 /* Assets.xcassets */ = {isa = PBXFileReference; lastKnownFileType = folder.assetcatalog; path = Assets.xcassets; sourceTree = "<group>"; };
		815FEA8C25F2A602009ED286 /* Preview Assets.xcassets */ = {isa = PBXFileReference; lastKnownFileType = folder.assetcatalog; path = "Preview Assets.xcassets"; sourceTree = "<group>"; };
		815FEA8E25F2A602009ED286 /* Info.plist */ = {isa = PBXFileReference; lastKnownFileType = text.plist.xml; path = Info.plist; sourceTree = "<group>"; };
		815FEA9825F2B07B009ED286 /* CustomModifiers.swift */ = {isa = PBXFileReference; lastKnownFileType = sourcecode.swift; path = CustomModifiers.swift; sourceTree = "<group>"; };
		8161B1F92638AC5F004DB397 /* AddBookView.swift */ = {isa = PBXFileReference; lastKnownFileType = sourcecode.swift; path = AddBookView.swift; sourceTree = "<group>"; };
		8169AC00263ABA020051706A /* Instafilter.app */ = {isa = PBXFileReference; explicitFileType = wrapper.application; includeInIndex = 0; path = Instafilter.app; sourceTree = BUILT_PRODUCTS_DIR; };
		8169AC02263ABA020051706A /* InstafilterApp.swift */ = {isa = PBXFileReference; lastKnownFileType = sourcecode.swift; path = InstafilterApp.swift; sourceTree = "<group>"; };
		8169AC04263ABA020051706A /* ContentView.swift */ = {isa = PBXFileReference; lastKnownFileType = sourcecode.swift; path = ContentView.swift; sourceTree = "<group>"; };
		8169AC06263ABA030051706A /* Assets.xcassets */ = {isa = PBXFileReference; lastKnownFileType = folder.assetcatalog; path = Assets.xcassets; sourceTree = "<group>"; };
		8169AC09263ABA030051706A /* Preview Assets.xcassets */ = {isa = PBXFileReference; lastKnownFileType = folder.assetcatalog; path = "Preview Assets.xcassets"; sourceTree = "<group>"; };
		8169AC0B263ABA030051706A /* Info.plist */ = {isa = PBXFileReference; lastKnownFileType = text.plist.xml; path = Info.plist; sourceTree = "<group>"; };
		816A8145263C8C9300ABDF59 /* CustomBidingDemo.swift */ = {isa = PBXFileReference; lastKnownFileType = sourcecode.swift; path = CustomBidingDemo.swift; sourceTree = "<group>"; };
		816A8147263C8CC800ABDF59 /* ActionSheetDemo.swift */ = {isa = PBXFileReference; lastKnownFileType = sourcecode.swift; path = ActionSheetDemo.swift; sourceTree = "<group>"; };
		8179299C263F5BDC0078E358 /* CoreImageDemo.swift */ = {isa = PBXFileReference; lastKnownFileType = sourcecode.swift; path = CoreImageDemo.swift; sourceTree = "<group>"; };
		81A1A5912632BC1600638C8C /* AstronautView.swift */ = {isa = PBXFileReference; lastKnownFileType = sourcecode.swift; path = AstronautView.swift; sourceTree = "<group>"; };
		81A1A5CB2632CFD500638C8C /* CupcakeCorner.app */ = {isa = PBXFileReference; explicitFileType = wrapper.application; includeInIndex = 0; path = CupcakeCorner.app; sourceTree = BUILT_PRODUCTS_DIR; };
		81A1A5CD2632CFD500638C8C /* CupcakeCornerApp.swift */ = {isa = PBXFileReference; lastKnownFileType = sourcecode.swift; path = CupcakeCornerApp.swift; sourceTree = "<group>"; };
		81A1A5CF2632CFD500638C8C /* ContentView.swift */ = {isa = PBXFileReference; lastKnownFileType = sourcecode.swift; path = ContentView.swift; sourceTree = "<group>"; };
		81A1A5D12632CFD500638C8C /* Assets.xcassets */ = {isa = PBXFileReference; lastKnownFileType = folder.assetcatalog; path = Assets.xcassets; sourceTree = "<group>"; };
		81A1A5D42632CFD500638C8C /* Preview Assets.xcassets */ = {isa = PBXFileReference; lastKnownFileType = folder.assetcatalog; path = "Preview Assets.xcassets"; sourceTree = "<group>"; };
		81A1A5D62632CFD500638C8C /* Info.plist */ = {isa = PBXFileReference; lastKnownFileType = text.plist.xml; path = Info.plist; sourceTree = "<group>"; };
		81A1A5E42632D06D00638C8C /* CodableDemo.swift */ = {isa = PBXFileReference; lastKnownFileType = sourcecode.swift; path = CodableDemo.swift; sourceTree = "<group>"; };
		81A63723260D028B007E2BAA /* iExpense.app */ = {isa = PBXFileReference; explicitFileType = wrapper.application; includeInIndex = 0; path = iExpense.app; sourceTree = BUILT_PRODUCTS_DIR; };
		81A63725260D028B007E2BAA /* iExpenseApp.swift */ = {isa = PBXFileReference; lastKnownFileType = sourcecode.swift; path = iExpenseApp.swift; sourceTree = "<group>"; };
		81A63727260D028B007E2BAA /* ContentView.swift */ = {isa = PBXFileReference; lastKnownFileType = sourcecode.swift; path = ContentView.swift; sourceTree = "<group>"; };
		81A63729260D028B007E2BAA /* Assets.xcassets */ = {isa = PBXFileReference; lastKnownFileType = folder.assetcatalog; path = Assets.xcassets; sourceTree = "<group>"; };
		81A6372C260D028B007E2BAA /* Preview Assets.xcassets */ = {isa = PBXFileReference; lastKnownFileType = folder.assetcatalog; path = "Preview Assets.xcassets"; sourceTree = "<group>"; };
		81A6372E260D028B007E2BAA /* Info.plist */ = {isa = PBXFileReference; lastKnownFileType = text.plist.xml; path = Info.plist; sourceTree = "<group>"; };
		81A6CBE52618D72100C1CD9D /* AddView.swift */ = {isa = PBXFileReference; lastKnownFileType = sourcecode.swift; path = AddView.swift; sourceTree = "<group>"; };
		81A72893260F7B1600708345 /* ExpenseItem.swift */ = {isa = PBXFileReference; lastKnownFileType = sourcecode.swift; path = ExpenseItem.swift; sourceTree = "<group>"; };
		81A7289C260F7B4F00708345 /* Expenses.swift */ = {isa = PBXFileReference; lastKnownFileType = sourcecode.swift; path = Expenses.swift; sourceTree = "<group>"; };
		81A7FC5F25F11F2200A44FA0 /* GuessTheFlag.app */ = {isa = PBXFileReference; explicitFileType = wrapper.application; includeInIndex = 0; path = GuessTheFlag.app; sourceTree = BUILT_PRODUCTS_DIR; };
		81A7FC6125F11F2200A44FA0 /* GuessTheFlagApp.swift */ = {isa = PBXFileReference; lastKnownFileType = sourcecode.swift; path = GuessTheFlagApp.swift; sourceTree = "<group>"; };
		81A7FC6325F11F2200A44FA0 /* ContentView.swift */ = {isa = PBXFileReference; lastKnownFileType = sourcecode.swift; path = ContentView.swift; sourceTree = "<group>"; };
		81A7FC6525F11F2400A44FA0 /* Assets.xcassets */ = {isa = PBXFileReference; lastKnownFileType = folder.assetcatalog; path = Assets.xcassets; sourceTree = "<group>"; };
		81A7FC6825F11F2400A44FA0 /* Preview Assets.xcassets */ = {isa = PBXFileReference; lastKnownFileType = folder.assetcatalog; path = "Preview Assets.xcassets"; sourceTree = "<group>"; };
		81A7FC6A25F11F2400A44FA0 /* Info.plist */ = {isa = PBXFileReference; lastKnownFileType = text.plist.xml; path = Info.plist; sourceTree = "<group>"; };
		81A8998C26074D900052C94E /* CustomizingAnimations.swift */ = {isa = PBXFileReference; lastKnownFileType = sourcecode.swift; path = CustomizingAnimations.swift; sourceTree = "<group>"; };
		81A8999A2607511C0052C94E /* AnimationBindings.swift */ = {isa = PBXFileReference; lastKnownFileType = sourcecode.swift; path = AnimationBindings.swift; sourceTree = "<group>"; };
		81B397012642AFF300D88C39 /* ImageSaverDemo.swift */ = {isa = PBXFileReference; lastKnownFileType = sourcecode.swift; path = ImageSaverDemo.swift; sourceTree = "<group>"; };
		81B397032642D56B00D88C39 /* ImagePicker.swift */ = {isa = PBXFileReference; lastKnownFileType = sourcecode.swift; path = ImagePicker.swift; sourceTree = "<group>"; };
		81B9AB6E25F425A400390A94 /* SleepCalculator.mlmodel */ = {isa = PBXFileReference; lastKnownFileType = file.mlmodel; path = SleepCalculator.mlmodel; sourceTree = "<group>"; };
		81B9AB7825F4310C00390A94 /* WordScramble.app */ = {isa = PBXFileReference; explicitFileType = wrapper.application; includeInIndex = 0; path = WordScramble.app; sourceTree = BUILT_PRODUCTS_DIR; };
		81B9AB7A25F4310C00390A94 /* WordScrambleApp.swift */ = {isa = PBXFileReference; lastKnownFileType = sourcecode.swift; path = WordScrambleApp.swift; sourceTree = "<group>"; };
		81B9AB7C25F4310C00390A94 /* ContentView.swift */ = {isa = PBXFileReference; lastKnownFileType = sourcecode.swift; path = ContentView.swift; sourceTree = "<group>"; };
		81B9AB7E25F4310D00390A94 /* Assets.xcassets */ = {isa = PBXFileReference; lastKnownFileType = folder.assetcatalog; path = Assets.xcassets; sourceTree = "<group>"; };
		81B9AB8125F4310D00390A94 /* Preview Assets.xcassets */ = {isa = PBXFileReference; lastKnownFileType = folder.assetcatalog; path = "Preview Assets.xcassets"; sourceTree = "<group>"; };
		81B9AB8325F4310D00390A94 /* Info.plist */ = {isa = PBXFileReference; lastKnownFileType = text.plist.xml; path = Info.plist; sourceTree = "<group>"; };
		81BB4F2D2632A7AB0074C83B /* MissionView.swift */ = {isa = PBXFileReference; lastKnownFileType = sourcecode.swift; path = MissionView.swift; sourceTree = "<group>"; };
		81C4B54F263403AF008ABE06 /* URLSessionDemo.swift */ = {isa = PBXFileReference; lastKnownFileType = sourcecode.swift; path = URLSessionDemo.swift; sourceTree = "<group>"; };
		81C4B55A26340724008ABE06 /* Order.swift */ = {isa = PBXFileReference; lastKnownFileType = sourcecode.swift; path = Order.swift; sourceTree = "<group>"; };
		81D6305D25FE1D60001938DC /* start.txt */ = {isa = PBXFileReference; fileEncoding = 4; lastKnownFileType = text; path = start.txt; sourceTree = "<group>"; };
		81F2B3F7262ED6D4006B8622 /* Moonshot.app */ = {isa = PBXFileReference; explicitFileType = wrapper.application; includeInIndex = 0; path = Moonshot.app; sourceTree = BUILT_PRODUCTS_DIR; };
		81F2B3F9262ED6D4006B8622 /* MoonshotApp.swift */ = {isa = PBXFileReference; lastKnownFileType = sourcecode.swift; path = MoonshotApp.swift; sourceTree = "<group>"; };
		81F2B3FB262ED6D4006B8622 /* ContentView.swift */ = {isa = PBXFileReference; lastKnownFileType = sourcecode.swift; path = ContentView.swift; sourceTree = "<group>"; };
		81F2B3FD262ED6D6006B8622 /* Assets.xcassets */ = {isa = PBXFileReference; lastKnownFileType = folder.assetcatalog; path = Assets.xcassets; sourceTree = "<group>"; };
		81F2B400262ED6D6006B8622 /* Preview Assets.xcassets */ = {isa = PBXFileReference; lastKnownFileType = folder.assetcatalog; path = "Preview Assets.xcassets"; sourceTree = "<group>"; };
		81F2B402262ED6D6006B8622 /* Info.plist */ = {isa = PBXFileReference; lastKnownFileType = text.plist.xml; path = Info.plist; sourceTree = "<group>"; };
		81F2B40E262ED91E006B8622 /* GeometryReaderDemo.swift */ = {isa = PBXFileReference; lastKnownFileType = sourcecode.swift; path = GeometryReaderDemo.swift; sourceTree = "<group>"; };
		81F2B418262ED95A006B8622 /* ScrollViewDemo.swift */ = {isa = PBXFileReference; lastKnownFileType = sourcecode.swift; path = ScrollViewDemo.swift; sourceTree = "<group>"; };
		81F2B422262EF553006B8622 /* NavigationLinkDemo.swift */ = {isa = PBXFileReference; lastKnownFileType = sourcecode.swift; path = NavigationLinkDemo.swift; sourceTree = "<group>"; };
		81F353542647E0CB0066F0F6 /* ImageSaver.swift */ = {isa = PBXFileReference; lastKnownFileType = sourcecode.swift; path = ImageSaver.swift; sourceTree = "<group>"; };
/* End PBXFileReference section */

/* Begin PBXFrameworksBuildPhase section */
		8108C42025F3B22A00060F68 /* Frameworks */ = {
			isa = PBXFrameworksBuildPhase;
			buildActionMask = 2147483647;
			files = (
			);
			runOnlyForDeploymentPostprocessing = 0;
		};
		812A2A1F2638680A00BD6603 /* Frameworks */ = {
			isa = PBXFrameworksBuildPhase;
			buildActionMask = 2147483647;
			files = (
			);
			runOnlyForDeploymentPostprocessing = 0;
		};
		813455A825F012DC00DB3375 /* Frameworks */ = {
			isa = PBXFrameworksBuildPhase;
			buildActionMask = 2147483647;
			files = (
			);
			runOnlyForDeploymentPostprocessing = 0;
		};
		814228CE25FE8D2000D0332B /* Frameworks */ = {
			isa = PBXFrameworksBuildPhase;
			buildActionMask = 2147483647;
			files = (
			);
			runOnlyForDeploymentPostprocessing = 0;
		};
		815FEA8025F2A601009ED286 /* Frameworks */ = {
			isa = PBXFrameworksBuildPhase;
			buildActionMask = 2147483647;
			files = (
			);
			runOnlyForDeploymentPostprocessing = 0;
		};
		8169ABFD263ABA020051706A /* Frameworks */ = {
			isa = PBXFrameworksBuildPhase;
			buildActionMask = 2147483647;
			files = (
			);
			runOnlyForDeploymentPostprocessing = 0;
		};
		81A1A5C82632CFD500638C8C /* Frameworks */ = {
			isa = PBXFrameworksBuildPhase;
			buildActionMask = 2147483647;
			files = (
			);
			runOnlyForDeploymentPostprocessing = 0;
		};
		81A63720260D028B007E2BAA /* Frameworks */ = {
			isa = PBXFrameworksBuildPhase;
			buildActionMask = 2147483647;
			files = (
			);
			runOnlyForDeploymentPostprocessing = 0;
		};
		81A7FC5C25F11F2200A44FA0 /* Frameworks */ = {
			isa = PBXFrameworksBuildPhase;
			buildActionMask = 2147483647;
			files = (
			);
			runOnlyForDeploymentPostprocessing = 0;
		};
		81B9AB7525F4310C00390A94 /* Frameworks */ = {
			isa = PBXFrameworksBuildPhase;
			buildActionMask = 2147483647;
			files = (
			);
			runOnlyForDeploymentPostprocessing = 0;
		};
		81F2B3F4262ED6D4006B8622 /* Frameworks */ = {
			isa = PBXFrameworksBuildPhase;
			buildActionMask = 2147483647;
			files = (
			);
			runOnlyForDeploymentPostprocessing = 0;
		};
/* End PBXFrameworksBuildPhase section */

/* Begin PBXGroup section */
		8108C42425F3B22A00060F68 /* BetterRest */ = {
			isa = PBXGroup;
			children = (
				8108C42525F3B22A00060F68 /* BetterRestApp.swift */,
				8108C42725F3B22A00060F68 /* ContentView.swift */,
				8108C42925F3B22D00060F68 /* Assets.xcassets */,
				8108C42E25F3B22D00060F68 /* Info.plist */,
				81B9AB6E25F425A400390A94 /* SleepCalculator.mlmodel */,
				8108C42B25F3B22D00060F68 /* Preview Content */,
			);
			path = BetterRest;
			sourceTree = "<group>";
		};
		8108C42B25F3B22D00060F68 /* Preview Content */ = {
			isa = PBXGroup;
			children = (
				8108C42C25F3B22D00060F68 /* Preview Assets.xcassets */,
			);
			path = "Preview Content";
			sourceTree = "<group>";
		};
		812A2A232638680A00BD6603 /* Bookworm */ = {
			isa = PBXGroup;
			children = (
				812A2A242638680A00BD6603 /* BookwormApp.swift */,
				812A2A262638680A00BD6603 /* ContentView.swift */,
				8161B1F92638AC5F004DB397 /* AddBookView.swift */,
				81074466263942C8004A7CB0 /* RatingView.swift */,
				812A2A282638680B00BD6603 /* Assets.xcassets */,
				812A2A2D2638680B00BD6603 /* Persistence.swift */,
				812A2A322638680B00BD6603 /* Info.plist */,
				812A2A2F2638680B00BD6603 /* Bookworm.xcdatamodeld */,
				812A2A2A2638680B00BD6603 /* Preview Content */,
				81074468263948BF004A7CB0 /* EmojiRatingView.swift */,
				8107446A26394C47004A7CB0 /* DetailView.swift */,
			);
			path = Bookworm;
			sourceTree = "<group>";
		};
		812A2A2A2638680B00BD6603 /* Preview Content */ = {
			isa = PBXGroup;
			children = (
				812A2A2B2638680B00BD6603 /* Preview Assets.xcassets */,
			);
			path = "Preview Content";
			sourceTree = "<group>";
		};
		8134558B25F0129800DB3375 = {
			isa = PBXGroup;
			children = (
				813455AC25F012DC00DB3375 /* WeSplit */,
				81A7FC6025F11F2200A44FA0 /* GuessTheFlag */,
				815FEA8425F2A601009ED286 /* ViewsAndModifiers */,
				8108C42425F3B22A00060F68 /* BetterRest */,
				81B9AB7925F4310C00390A94 /* WordScramble */,
				814228D225FE8D2000D0332B /* Animations */,
				81A63724260D028B007E2BAA /* iExpense */,
				81F2B3F8262ED6D4006B8622 /* Moonshot */,
				81A1A5CC2632CFD500638C8C /* CupcakeCorner */,
				812A2A232638680A00BD6603 /* Bookworm */,
				8169AC01263ABA020051706A /* Instafilter */,
				8134559525F0129800DB3375 /* Products */,
			);
			sourceTree = "<group>";
		};
		8134559525F0129800DB3375 /* Products */ = {
			isa = PBXGroup;
			children = (
				813455AB25F012DC00DB3375 /* WeSplit.app */,
				81A7FC5F25F11F2200A44FA0 /* GuessTheFlag.app */,
				815FEA8325F2A601009ED286 /* ViewsAndModifiers.app */,
				8108C42325F3B22A00060F68 /* BetterRest.app */,
				81B9AB7825F4310C00390A94 /* WordScramble.app */,
				814228D125FE8D2000D0332B /* Animations.app */,
				81A63723260D028B007E2BAA /* iExpense.app */,
				81F2B3F7262ED6D4006B8622 /* Moonshot.app */,
				81A1A5CB2632CFD500638C8C /* CupcakeCorner.app */,
				812A2A222638680A00BD6603 /* Bookworm.app */,
				8169AC00263ABA020051706A /* Instafilter.app */,
			);
			name = Products;
			sourceTree = "<group>";
		};
		813455AC25F012DC00DB3375 /* WeSplit */ = {
			isa = PBXGroup;
			children = (
				813455AD25F012DC00DB3375 /* WeSplitApp.swift */,
				813455AF25F012DC00DB3375 /* ContentView.swift */,
				813455B125F012DE00DB3375 /* Assets.xcassets */,
				813455B625F012DE00DB3375 /* Info.plist */,
				813455B325F012DE00DB3375 /* Preview Content */,
			);
			path = WeSplit;
			sourceTree = "<group>";
		};
		813455B325F012DE00DB3375 /* Preview Content */ = {
			isa = PBXGroup;
			children = (
				813455B425F012DE00DB3375 /* Preview Assets.xcassets */,
			);
			path = "Preview Content";
			sourceTree = "<group>";
		};
		814228D225FE8D2000D0332B /* Animations */ = {
			isa = PBXGroup;
			children = (
				814228D325FE8D2000D0332B /* AnimationsApp.swift */,
				814228D525FE8D2000D0332B /* ImplicitAnimationsView.swift */,
				81A8998C26074D900052C94E /* CustomizingAnimations.swift */,
				814228D725FE8D2100D0332B /* Assets.xcassets */,
				814228DC25FE8D2100D0332B /* Info.plist */,
				814228D925FE8D2100D0332B /* Preview Content */,
				81A8999A2607511C0052C94E /* AnimationBindings.swift */,
			);
			path = Animations;
			sourceTree = "<group>";
		};
		814228D925FE8D2100D0332B /* Preview Content */ = {
			isa = PBXGroup;
			children = (
				814228DA25FE8D2100D0332B /* Preview Assets.xcassets */,
			);
			path = "Preview Content";
			sourceTree = "<group>";
		};
		815FEA8425F2A601009ED286 /* ViewsAndModifiers */ = {
			isa = PBXGroup;
			children = (
				815FEA8525F2A601009ED286 /* ViewsAndModifiersApp.swift */,
				815FEA8725F2A601009ED286 /* ViewComposition.swift */,
				815FEA9825F2B07B009ED286 /* CustomModifiers.swift */,
				815FEA8925F2A602009ED286 /* Assets.xcassets */,
				815FEA8E25F2A602009ED286 /* Info.plist */,
				815FEA8B25F2A602009ED286 /* Preview Content */,
			);
			path = ViewsAndModifiers;
			sourceTree = "<group>";
		};
		815FEA8B25F2A602009ED286 /* Preview Content */ = {
			isa = PBXGroup;
			children = (
				815FEA8C25F2A602009ED286 /* Preview Assets.xcassets */,
			);
			path = "Preview Content";
			sourceTree = "<group>";
		};
		8169AC01263ABA020051706A /* Instafilter */ = {
			isa = PBXGroup;
			children = (
				8169AC02263ABA020051706A /* InstafilterApp.swift */,
				8169AC04263ABA020051706A /* ContentView.swift */,
				81B397032642D56B00D88C39 /* ImagePicker.swift */,
				81F353542647E0CB0066F0F6 /* ImageSaver.swift */,
				81B397052642D57800D88C39 /* Learning */,
				8169AC06263ABA030051706A /* Assets.xcassets */,
				8169AC0B263ABA030051706A /* Info.plist */,
				8169AC08263ABA030051706A /* Preview Content */,
			);
			path = Instafilter;
			sourceTree = "<group>";
		};
		8169AC08263ABA030051706A /* Preview Content */ = {
			isa = PBXGroup;
			children = (
				8169AC09263ABA030051706A /* Preview Assets.xcassets */,
			);
			path = "Preview Content";
			sourceTree = "<group>";
		};
		81A1A5CC2632CFD500638C8C /* CupcakeCorner */ = {
			isa = PBXGroup;
			children = (
				81A1A5E32632D05400638C8C /* Learning */,
				81A1A5CD2632CFD500638C8C /* CupcakeCornerApp.swift */,
				81A1A5CF2632CFD500638C8C /* ContentView.swift */,
				815C19A026346C4700077C7A /* AddressView.swift */,
				8137B07B263496580018E520 /* CheckoutView.swift */,
				81C4B55A26340724008ABE06 /* Order.swift */,
				81A1A5D12632CFD500638C8C /* Assets.xcassets */,
				81A1A5D62632CFD500638C8C /* Info.plist */,
				81A1A5D32632CFD500638C8C /* Preview Content */,
			);
			path = CupcakeCorner;
			sourceTree = "<group>";
		};
		81A1A5D32632CFD500638C8C /* Preview Content */ = {
			isa = PBXGroup;
			children = (
				81A1A5D42632CFD500638C8C /* Preview Assets.xcassets */,
			);
			path = "Preview Content";
			sourceTree = "<group>";
		};
		81A1A5E32632D05400638C8C /* Learning */ = {
			isa = PBXGroup;
			children = (
				81A1A5E42632D06D00638C8C /* CodableDemo.swift */,
				81C4B54F263403AF008ABE06 /* URLSessionDemo.swift */,
			);
			path = Learning;
			sourceTree = "<group>";
		};
		81A63724260D028B007E2BAA /* iExpense */ = {
			isa = PBXGroup;
			children = (
				81A63725260D028B007E2BAA /* iExpenseApp.swift */,
				81A63727260D028B007E2BAA /* ContentView.swift */,
				81A6CBE52618D72100C1CD9D /* AddView.swift */,
				81A63729260D028B007E2BAA /* Assets.xcassets */,
				81A6372E260D028B007E2BAA /* Info.plist */,
				81A6372B260D028B007E2BAA /* Preview Content */,
				81A72893260F7B1600708345 /* ExpenseItem.swift */,
				81A7289C260F7B4F00708345 /* Expenses.swift */,
			);
			path = iExpense;
			sourceTree = "<group>";
		};
		81A6372B260D028B007E2BAA /* Preview Content */ = {
			isa = PBXGroup;
			children = (
				81A6372C260D028B007E2BAA /* Preview Assets.xcassets */,
			);
			path = "Preview Content";
			sourceTree = "<group>";
		};
		81A7FC6025F11F2200A44FA0 /* GuessTheFlag */ = {
			isa = PBXGroup;
			children = (
				81A7FC6125F11F2200A44FA0 /* GuessTheFlagApp.swift */,
				81A7FC6325F11F2200A44FA0 /* ContentView.swift */,
				81A7FC6525F11F2400A44FA0 /* Assets.xcassets */,
				81A7FC6A25F11F2400A44FA0 /* Info.plist */,
				81A7FC6725F11F2400A44FA0 /* Preview Content */,
			);
			path = GuessTheFlag;
			sourceTree = "<group>";
		};
		81A7FC6725F11F2400A44FA0 /* Preview Content */ = {
			isa = PBXGroup;
			children = (
				81A7FC6825F11F2400A44FA0 /* Preview Assets.xcassets */,
			);
			path = "Preview Content";
			sourceTree = "<group>";
		};
		81B397052642D57800D88C39 /* Learning */ = {
			isa = PBXGroup;
			children = (
				81B397012642AFF300D88C39 /* ImageSaverDemo.swift */,
				816A8145263C8C9300ABDF59 /* CustomBidingDemo.swift */,
				816A8147263C8CC800ABDF59 /* ActionSheetDemo.swift */,
				8179299C263F5BDC0078E358 /* CoreImageDemo.swift */,
				8147BCFC264082D70011C8DB /* ImagePickerDemo.swift */,
				8147BCFE264083970011C8DB /* WrapViewControllerDemo.swift */,
			);
			path = Learning;
			sourceTree = "<group>";
		};
		81B9AB7925F4310C00390A94 /* WordScramble */ = {
			isa = PBXGroup;
			children = (
				81D6305D25FE1D60001938DC /* start.txt */,
				81B9AB7A25F4310C00390A94 /* WordScrambleApp.swift */,
				81B9AB7C25F4310C00390A94 /* ContentView.swift */,
				81B9AB7E25F4310D00390A94 /* Assets.xcassets */,
				81B9AB8325F4310D00390A94 /* Info.plist */,
				81B9AB8025F4310D00390A94 /* Preview Content */,
			);
			path = WordScramble;
			sourceTree = "<group>";
		};
		81B9AB8025F4310D00390A94 /* Preview Content */ = {
			isa = PBXGroup;
			children = (
				81B9AB8125F4310D00390A94 /* Preview Assets.xcassets */,
			);
			path = "Preview Content";
			sourceTree = "<group>";
		};
		81BB4F372632A8250074C83B /* Learning */ = {
			isa = PBXGroup;
			children = (
				81F2B40E262ED91E006B8622 /* GeometryReaderDemo.swift */,
				81F2B418262ED95A006B8622 /* ScrollViewDemo.swift */,
				81F2B422262EF553006B8622 /* NavigationLinkDemo.swift */,
			);
			path = Learning;
			sourceTree = "<group>";
		};
		81F2B3F8262ED6D4006B8622 /* Moonshot */ = {
			isa = PBXGroup;
			children = (
				815B5CF026318B25000539EB /* astronauts.json */,
				815B5CF126318B26000539EB /* missions.json */,
				81F2B3F9262ED6D4006B8622 /* MoonshotApp.swift */,
				81F2B3FB262ED6D4006B8622 /* ContentView.swift */,
				81BB4F2D2632A7AB0074C83B /* MissionView.swift */,
				81A1A5912632BC1600638C8C /* AstronautView.swift */,
				815B5D1026319039000539EB /* Mission.swift */,
				815B5D0626318C5B000539EB /* Bundle-Decodable.swift */,
				815B5CFC26318B9A000539EB /* Astronaut.swift */,
				81BB4F372632A8250074C83B /* Learning */,
				81F2B3FD262ED6D6006B8622 /* Assets.xcassets */,
				81F2B402262ED6D6006B8622 /* Info.plist */,
				81F2B3FF262ED6D6006B8622 /* Preview Content */,
			);
			path = Moonshot;
			sourceTree = "<group>";
		};
		81F2B3FF262ED6D6006B8622 /* Preview Content */ = {
			isa = PBXGroup;
			children = (
				81F2B400262ED6D6006B8622 /* Preview Assets.xcassets */,
			);
			path = "Preview Content";
			sourceTree = "<group>";
		};
/* End PBXGroup section */

/* Begin PBXNativeTarget section */
		8108C42225F3B22A00060F68 /* BetterRest */ = {
			isa = PBXNativeTarget;
			buildConfigurationList = 8108C43125F3B22D00060F68 /* Build configuration list for PBXNativeTarget "BetterRest" */;
			buildPhases = (
				8108C41F25F3B22A00060F68 /* Sources */,
				8108C42025F3B22A00060F68 /* Frameworks */,
				8108C42125F3B22A00060F68 /* Resources */,
			);
			buildRules = (
			);
			dependencies = (
			);
			name = BetterRest;
			productName = BetterRest;
			productReference = 8108C42325F3B22A00060F68 /* BetterRest.app */;
			productType = "com.apple.product-type.application";
		};
		812A2A212638680A00BD6603 /* Bookworm */ = {
			isa = PBXNativeTarget;
			buildConfigurationList = 812A2A352638680B00BD6603 /* Build configuration list for PBXNativeTarget "Bookworm" */;
			buildPhases = (
				812A2A1E2638680A00BD6603 /* Sources */,
				812A2A1F2638680A00BD6603 /* Frameworks */,
				812A2A202638680A00BD6603 /* Resources */,
			);
			buildRules = (
			);
			dependencies = (
			);
			name = Bookworm;
			productName = Bookworm;
			productReference = 812A2A222638680A00BD6603 /* Bookworm.app */;
			productType = "com.apple.product-type.application";
		};
		813455AA25F012DC00DB3375 /* WeSplit */ = {
			isa = PBXNativeTarget;
			buildConfigurationList = 813455B725F012DE00DB3375 /* Build configuration list for PBXNativeTarget "WeSplit" */;
			buildPhases = (
				813455A725F012DC00DB3375 /* Sources */,
				813455A825F012DC00DB3375 /* Frameworks */,
				813455A925F012DC00DB3375 /* Resources */,
			);
			buildRules = (
			);
			dependencies = (
			);
			name = WeSplit;
			productName = WeSplit;
			productReference = 813455AB25F012DC00DB3375 /* WeSplit.app */;
			productType = "com.apple.product-type.application";
		};
		814228D025FE8D2000D0332B /* Animations */ = {
			isa = PBXNativeTarget;
			buildConfigurationList = 814228DF25FE8D2100D0332B /* Build configuration list for PBXNativeTarget "Animations" */;
			buildPhases = (
				814228CD25FE8D2000D0332B /* Sources */,
				814228CE25FE8D2000D0332B /* Frameworks */,
				814228CF25FE8D2000D0332B /* Resources */,
			);
			buildRules = (
			);
			dependencies = (
			);
			name = Animations;
			productName = Animations;
			productReference = 814228D125FE8D2000D0332B /* Animations.app */;
			productType = "com.apple.product-type.application";
		};
		815FEA8225F2A601009ED286 /* ViewsAndModifiers */ = {
			isa = PBXNativeTarget;
			buildConfigurationList = 815FEA9125F2A602009ED286 /* Build configuration list for PBXNativeTarget "ViewsAndModifiers" */;
			buildPhases = (
				815FEA7F25F2A601009ED286 /* Sources */,
				815FEA8025F2A601009ED286 /* Frameworks */,
				815FEA8125F2A601009ED286 /* Resources */,
			);
			buildRules = (
			);
			dependencies = (
			);
			name = ViewsAndModifiers;
			productName = ViewsAndModifiers;
			productReference = 815FEA8325F2A601009ED286 /* ViewsAndModifiers.app */;
			productType = "com.apple.product-type.application";
		};
		8169ABFF263ABA020051706A /* Instafilter */ = {
			isa = PBXNativeTarget;
			buildConfigurationList = 8169AC0E263ABA030051706A /* Build configuration list for PBXNativeTarget "Instafilter" */;
			buildPhases = (
				8169ABFC263ABA020051706A /* Sources */,
				8169ABFD263ABA020051706A /* Frameworks */,
				8169ABFE263ABA020051706A /* Resources */,
			);
			buildRules = (
			);
			dependencies = (
			);
			name = Instafilter;
			productName = Instafilter;
			productReference = 8169AC00263ABA020051706A /* Instafilter.app */;
			productType = "com.apple.product-type.application";
		};
		81A1A5CA2632CFD500638C8C /* CupcakeCorner */ = {
			isa = PBXNativeTarget;
			buildConfigurationList = 81A1A5D92632CFD600638C8C /* Build configuration list for PBXNativeTarget "CupcakeCorner" */;
			buildPhases = (
				81A1A5C72632CFD500638C8C /* Sources */,
				81A1A5C82632CFD500638C8C /* Frameworks */,
				81A1A5C92632CFD500638C8C /* Resources */,
			);
			buildRules = (
			);
			dependencies = (
			);
			name = CupcakeCorner;
			productName = CupcakeCorner;
			productReference = 81A1A5CB2632CFD500638C8C /* CupcakeCorner.app */;
			productType = "com.apple.product-type.application";
		};
		81A63722260D028B007E2BAA /* iExpense */ = {
			isa = PBXNativeTarget;
			buildConfigurationList = 81A63731260D028B007E2BAA /* Build configuration list for PBXNativeTarget "iExpense" */;
			buildPhases = (
				81A6371F260D028B007E2BAA /* Sources */,
				81A63720260D028B007E2BAA /* Frameworks */,
				81A63721260D028B007E2BAA /* Resources */,
			);
			buildRules = (
			);
			dependencies = (
			);
			name = iExpense;
			productName = iExpense;
			productReference = 81A63723260D028B007E2BAA /* iExpense.app */;
			productType = "com.apple.product-type.application";
		};
		81A7FC5E25F11F2200A44FA0 /* GuessTheFlag */ = {
			isa = PBXNativeTarget;
			buildConfigurationList = 81A7FC6D25F11F2400A44FA0 /* Build configuration list for PBXNativeTarget "GuessTheFlag" */;
			buildPhases = (
				81A7FC5B25F11F2200A44FA0 /* Sources */,
				81A7FC5C25F11F2200A44FA0 /* Frameworks */,
				81A7FC5D25F11F2200A44FA0 /* Resources */,
			);
			buildRules = (
			);
			dependencies = (
			);
			name = GuessTheFlag;
			productName = GuessTheFlag;
			productReference = 81A7FC5F25F11F2200A44FA0 /* GuessTheFlag.app */;
			productType = "com.apple.product-type.application";
		};
		81B9AB7725F4310C00390A94 /* WordScramble */ = {
			isa = PBXNativeTarget;
			buildConfigurationList = 81B9AB8425F4310D00390A94 /* Build configuration list for PBXNativeTarget "WordScramble" */;
			buildPhases = (
				81B9AB7425F4310C00390A94 /* Sources */,
				81B9AB7525F4310C00390A94 /* Frameworks */,
				81B9AB7625F4310C00390A94 /* Resources */,
			);
			buildRules = (
			);
			dependencies = (
			);
			name = WordScramble;
			productName = WordScramble;
			productReference = 81B9AB7825F4310C00390A94 /* WordScramble.app */;
			productType = "com.apple.product-type.application";
		};
		81F2B3F6262ED6D4006B8622 /* Moonshot */ = {
			isa = PBXNativeTarget;
			buildConfigurationList = 81F2B405262ED6D6006B8622 /* Build configuration list for PBXNativeTarget "Moonshot" */;
			buildPhases = (
				81F2B3F3262ED6D4006B8622 /* Sources */,
				81F2B3F4262ED6D4006B8622 /* Frameworks */,
				81F2B3F5262ED6D4006B8622 /* Resources */,
			);
			buildRules = (
			);
			dependencies = (
			);
			name = Moonshot;
			productName = Moonshot;
			productReference = 81F2B3F7262ED6D4006B8622 /* Moonshot.app */;
			productType = "com.apple.product-type.application";
		};
/* End PBXNativeTarget section */

/* Begin PBXProject section */
		8134558C25F0129800DB3375 /* Project object */ = {
			isa = PBXProject;
			attributes = {
				LastSwiftUpdateCheck = 1250;
				LastUpgradeCheck = 1240;
				ORGANIZATIONNAME = "Elias Myronidis";
				TargetAttributes = {
					8108C42225F3B22A00060F68 = {
						CreatedOnToolsVersion = 12.4;
					};
					812A2A212638680A00BD6603 = {
						CreatedOnToolsVersion = 12.5;
					};
					813455AA25F012DC00DB3375 = {
						CreatedOnToolsVersion = 12.4;
					};
					814228D025FE8D2000D0332B = {
						CreatedOnToolsVersion = 12.4;
					};
					815FEA8225F2A601009ED286 = {
						CreatedOnToolsVersion = 12.4;
					};
					8169ABFF263ABA020051706A = {
						CreatedOnToolsVersion = 12.5;
					};
					81A1A5CA2632CFD500638C8C = {
						CreatedOnToolsVersion = 12.4;
					};
					81A63722260D028B007E2BAA = {
						CreatedOnToolsVersion = 12.4;
					};
					81A7FC5E25F11F2200A44FA0 = {
						CreatedOnToolsVersion = 12.4;
					};
					81B9AB7725F4310C00390A94 = {
						CreatedOnToolsVersion = 12.4;
					};
					81F2B3F6262ED6D4006B8622 = {
						CreatedOnToolsVersion = 12.4;
					};
				};
			};
			buildConfigurationList = 8134558F25F0129800DB3375 /* Build configuration list for PBXProject "HackingWithSwiftUI" */;
			compatibilityVersion = "Xcode 9.3";
			developmentRegion = en;
			hasScannedForEncodings = 0;
			knownRegions = (
				en,
				Base,
			);
			mainGroup = 8134558B25F0129800DB3375;
			productRefGroup = 8134559525F0129800DB3375 /* Products */;
			projectDirPath = "";
			projectRoot = "";
			targets = (
				813455AA25F012DC00DB3375 /* WeSplit */,
				81A7FC5E25F11F2200A44FA0 /* GuessTheFlag */,
				815FEA8225F2A601009ED286 /* ViewsAndModifiers */,
				8108C42225F3B22A00060F68 /* BetterRest */,
				81B9AB7725F4310C00390A94 /* WordScramble */,
				814228D025FE8D2000D0332B /* Animations */,
				81A63722260D028B007E2BAA /* iExpense */,
				81F2B3F6262ED6D4006B8622 /* Moonshot */,
				81A1A5CA2632CFD500638C8C /* CupcakeCorner */,
				812A2A212638680A00BD6603 /* Bookworm */,
				8169ABFF263ABA020051706A /* Instafilter */,
			);
		};
/* End PBXProject section */

/* Begin PBXResourcesBuildPhase section */
		8108C42125F3B22A00060F68 /* Resources */ = {
			isa = PBXResourcesBuildPhase;
			buildActionMask = 2147483647;
			files = (
				8108C42D25F3B22D00060F68 /* Preview Assets.xcassets in Resources */,
				8108C42A25F3B22D00060F68 /* Assets.xcassets in Resources */,
			);
			runOnlyForDeploymentPostprocessing = 0;
		};
		812A2A202638680A00BD6603 /* Resources */ = {
			isa = PBXResourcesBuildPhase;
			buildActionMask = 2147483647;
			files = (
				812A2A2C2638680B00BD6603 /* Preview Assets.xcassets in Resources */,
				812A2A292638680B00BD6603 /* Assets.xcassets in Resources */,
			);
			runOnlyForDeploymentPostprocessing = 0;
		};
		813455A925F012DC00DB3375 /* Resources */ = {
			isa = PBXResourcesBuildPhase;
			buildActionMask = 2147483647;
			files = (
				813455B525F012DE00DB3375 /* Preview Assets.xcassets in Resources */,
				813455B225F012DE00DB3375 /* Assets.xcassets in Resources */,
			);
			runOnlyForDeploymentPostprocessing = 0;
		};
		814228CF25FE8D2000D0332B /* Resources */ = {
			isa = PBXResourcesBuildPhase;
			buildActionMask = 2147483647;
			files = (
				814228DB25FE8D2100D0332B /* Preview Assets.xcassets in Resources */,
				814228D825FE8D2100D0332B /* Assets.xcassets in Resources */,
			);
			runOnlyForDeploymentPostprocessing = 0;
		};
		815FEA8125F2A601009ED286 /* Resources */ = {
			isa = PBXResourcesBuildPhase;
			buildActionMask = 2147483647;
			files = (
				815FEA8D25F2A602009ED286 /* Preview Assets.xcassets in Resources */,
				815FEA8A25F2A602009ED286 /* Assets.xcassets in Resources */,
			);
			runOnlyForDeploymentPostprocessing = 0;
		};
		8169ABFE263ABA020051706A /* Resources */ = {
			isa = PBXResourcesBuildPhase;
			buildActionMask = 2147483647;
			files = (
				8169AC0A263ABA030051706A /* Preview Assets.xcassets in Resources */,
				8169AC07263ABA030051706A /* Assets.xcassets in Resources */,
			);
			runOnlyForDeploymentPostprocessing = 0;
		};
		81A1A5C92632CFD500638C8C /* Resources */ = {
			isa = PBXResourcesBuildPhase;
			buildActionMask = 2147483647;
			files = (
				81A1A5D52632CFD500638C8C /* Preview Assets.xcassets in Resources */,
				81A1A5D22632CFD500638C8C /* Assets.xcassets in Resources */,
			);
			runOnlyForDeploymentPostprocessing = 0;
		};
		81A63721260D028B007E2BAA /* Resources */ = {
			isa = PBXResourcesBuildPhase;
			buildActionMask = 2147483647;
			files = (
				81A6372D260D028B007E2BAA /* Preview Assets.xcassets in Resources */,
				81A6372A260D028B007E2BAA /* Assets.xcassets in Resources */,
			);
			runOnlyForDeploymentPostprocessing = 0;
		};
		81A7FC5D25F11F2200A44FA0 /* Resources */ = {
			isa = PBXResourcesBuildPhase;
			buildActionMask = 2147483647;
			files = (
				81A7FC6925F11F2400A44FA0 /* Preview Assets.xcassets in Resources */,
				81A7FC6625F11F2400A44FA0 /* Assets.xcassets in Resources */,
			);
			runOnlyForDeploymentPostprocessing = 0;
		};
		81B9AB7625F4310C00390A94 /* Resources */ = {
			isa = PBXResourcesBuildPhase;
			buildActionMask = 2147483647;
			files = (
				81B9AB8225F4310D00390A94 /* Preview Assets.xcassets in Resources */,
				81D6305E25FE1D60001938DC /* start.txt in Resources */,
				81B9AB7F25F4310D00390A94 /* Assets.xcassets in Resources */,
			);
			runOnlyForDeploymentPostprocessing = 0;
		};
		81F2B3F5262ED6D4006B8622 /* Resources */ = {
			isa = PBXResourcesBuildPhase;
			buildActionMask = 2147483647;
			files = (
				815B5CF226318B26000539EB /* astronauts.json in Resources */,
				81F2B401262ED6D6006B8622 /* Preview Assets.xcassets in Resources */,
				815B5CF326318B26000539EB /* missions.json in Resources */,
				81F2B3FE262ED6D6006B8622 /* Assets.xcassets in Resources */,
			);
			runOnlyForDeploymentPostprocessing = 0;
		};
/* End PBXResourcesBuildPhase section */

/* Begin PBXSourcesBuildPhase section */
		8108C41F25F3B22A00060F68 /* Sources */ = {
			isa = PBXSourcesBuildPhase;
			buildActionMask = 2147483647;
			files = (
				8108C42825F3B22A00060F68 /* ContentView.swift in Sources */,
				81B9AB6F25F425A400390A94 /* SleepCalculator.mlmodel in Sources */,
				8108C42625F3B22A00060F68 /* BetterRestApp.swift in Sources */,
			);
			runOnlyForDeploymentPostprocessing = 0;
		};
		812A2A1E2638680A00BD6603 /* Sources */ = {
			isa = PBXSourcesBuildPhase;
			buildActionMask = 2147483647;
			files = (
				812A2A2E2638680B00BD6603 /* Persistence.swift in Sources */,
				8107446B26394C47004A7CB0 /* DetailView.swift in Sources */,
				812A2A312638680B00BD6603 /* Bookworm.xcdatamodeld in Sources */,
				81074469263948BF004A7CB0 /* EmojiRatingView.swift in Sources */,
				812A2A272638680A00BD6603 /* ContentView.swift in Sources */,
				81074467263942C8004A7CB0 /* RatingView.swift in Sources */,
				812A2A252638680A00BD6603 /* BookwormApp.swift in Sources */,
				8161B1FA2638AC5F004DB397 /* AddBookView.swift in Sources */,
			);
			runOnlyForDeploymentPostprocessing = 0;
		};
		813455A725F012DC00DB3375 /* Sources */ = {
			isa = PBXSourcesBuildPhase;
			buildActionMask = 2147483647;
			files = (
				813455B025F012DC00DB3375 /* ContentView.swift in Sources */,
				813455AE25F012DC00DB3375 /* WeSplitApp.swift in Sources */,
			);
			runOnlyForDeploymentPostprocessing = 0;
		};
		814228CD25FE8D2000D0332B /* Sources */ = {
			isa = PBXSourcesBuildPhase;
			buildActionMask = 2147483647;
			files = (
				81A8999B2607511C0052C94E /* AnimationBindings.swift in Sources */,
				814228D625FE8D2000D0332B /* ImplicitAnimationsView.swift in Sources */,
				814228D425FE8D2000D0332B /* AnimationsApp.swift in Sources */,
				81A8998D26074D900052C94E /* CustomizingAnimations.swift in Sources */,
			);
			runOnlyForDeploymentPostprocessing = 0;
		};
		815FEA7F25F2A601009ED286 /* Sources */ = {
			isa = PBXSourcesBuildPhase;
			buildActionMask = 2147483647;
			files = (
				815FEA9925F2B07B009ED286 /* CustomModifiers.swift in Sources */,
				815FEA8825F2A601009ED286 /* ViewComposition.swift in Sources */,
				815FEA8625F2A601009ED286 /* ViewsAndModifiersApp.swift in Sources */,
			);
			runOnlyForDeploymentPostprocessing = 0;
		};
		8169ABFC263ABA020051706A /* Sources */ = {
			isa = PBXSourcesBuildPhase;
			buildActionMask = 2147483647;
			files = (
				816A8148263C8CC800ABDF59 /* ActionSheetDemo.swift in Sources */,
				8147BCFF264083970011C8DB /* WrapViewControllerDemo.swift in Sources */,
				8169AC05263ABA020051706A /* ContentView.swift in Sources */,
				81B397042642D56B00D88C39 /* ImagePicker.swift in Sources */,
				8169AC03263ABA020051706A /* InstafilterApp.swift in Sources */,
				8147BCFD264082D70011C8DB /* ImagePickerDemo.swift in Sources */,
				816A8146263C8C9300ABDF59 /* CustomBidingDemo.swift in Sources */,
				81F353552647E0CB0066F0F6 /* ImageSaver.swift in Sources */,
				8179299D263F5BDC0078E358 /* CoreImageDemo.swift in Sources */,
				81B397022642AFF300D88C39 /* ImageSaverDemo.swift in Sources */,
			);
			runOnlyForDeploymentPostprocessing = 0;
		};
		81A1A5C72632CFD500638C8C /* Sources */ = {
			isa = PBXSourcesBuildPhase;
			buildActionMask = 2147483647;
			files = (
				81A1A5D02632CFD500638C8C /* ContentView.swift in Sources */,
				81A1A5E52632D06D00638C8C /* CodableDemo.swift in Sources */,
				81C4B55B26340724008ABE06 /* Order.swift in Sources */,
				8137B07C263496580018E520 /* CheckoutView.swift in Sources */,
				81A1A5CE2632CFD500638C8C /* CupcakeCornerApp.swift in Sources */,
				81C4B550263403AF008ABE06 /* URLSessionDemo.swift in Sources */,
				815C19A126346C4700077C7A /* AddressView.swift in Sources */,
			);
			runOnlyForDeploymentPostprocessing = 0;
		};
		81A6371F260D028B007E2BAA /* Sources */ = {
			isa = PBXSourcesBuildPhase;
			buildActionMask = 2147483647;
			files = (
				81A7289D260F7B4F00708345 /* Expenses.swift in Sources */,
				81A63728260D028B007E2BAA /* ContentView.swift in Sources */,
				81A6CBE62618D72100C1CD9D /* AddView.swift in Sources */,
				81A72894260F7B1600708345 /* ExpenseItem.swift in Sources */,
				81A63726260D028B007E2BAA /* iExpenseApp.swift in Sources */,
			);
			runOnlyForDeploymentPostprocessing = 0;
		};
		81A7FC5B25F11F2200A44FA0 /* Sources */ = {
			isa = PBXSourcesBuildPhase;
			buildActionMask = 2147483647;
			files = (
				81A7FC6425F11F2200A44FA0 /* ContentView.swift in Sources */,
				81A7FC6225F11F2200A44FA0 /* GuessTheFlagApp.swift in Sources */,
			);
			runOnlyForDeploymentPostprocessing = 0;
		};
		81B9AB7425F4310C00390A94 /* Sources */ = {
			isa = PBXSourcesBuildPhase;
			buildActionMask = 2147483647;
			files = (
				81B9AB7D25F4310C00390A94 /* ContentView.swift in Sources */,
				81B9AB7B25F4310C00390A94 /* WordScrambleApp.swift in Sources */,
			);
			runOnlyForDeploymentPostprocessing = 0;
		};
		81F2B3F3262ED6D4006B8622 /* Sources */ = {
			isa = PBXSourcesBuildPhase;
			buildActionMask = 2147483647;
			files = (
				81F2B3FC262ED6D4006B8622 /* ContentView.swift in Sources */,
				81F2B423262EF553006B8622 /* NavigationLinkDemo.swift in Sources */,
				815B5D1126319039000539EB /* Mission.swift in Sources */,
				81F2B40F262ED91E006B8622 /* GeometryReaderDemo.swift in Sources */,
				81A1A5922632BC1600638C8C /* AstronautView.swift in Sources */,
				815B5CFD26318B9A000539EB /* Astronaut.swift in Sources */,
				81BB4F2E2632A7AB0074C83B /* MissionView.swift in Sources */,
				81F2B419262ED95A006B8622 /* ScrollViewDemo.swift in Sources */,
				815B5D0726318C5B000539EB /* Bundle-Decodable.swift in Sources */,
				81F2B3FA262ED6D4006B8622 /* MoonshotApp.swift in Sources */,
			);
			runOnlyForDeploymentPostprocessing = 0;
		};
/* End PBXSourcesBuildPhase section */

/* Begin XCBuildConfiguration section */
		8108C42F25F3B22D00060F68 /* Debug */ = {
			isa = XCBuildConfiguration;
			buildSettings = {
				ASSETCATALOG_COMPILER_APPICON_NAME = AppIcon;
				ASSETCATALOG_COMPILER_GLOBAL_ACCENT_COLOR_NAME = AccentColor;
				CODE_SIGN_STYLE = Automatic;
				DEVELOPMENT_ASSET_PATHS = "\"BetterRest/Preview Content\"";
				DEVELOPMENT_TEAM = XM9V6QDM3G;
				ENABLE_PREVIEWS = YES;
				INFOPLIST_FILE = BetterRest/Info.plist;
				IPHONEOS_DEPLOYMENT_TARGET = 14.0;
				LD_RUNPATH_SEARCH_PATHS = (
					"$(inherited)",
					"@executable_path/Frameworks",
				);
				PRODUCT_BUNDLE_IDENTIFIER = com.elias.myronidis.BetterRest;
				PRODUCT_NAME = "$(TARGET_NAME)";
				SWIFT_VERSION = 5.0;
				TARGETED_DEVICE_FAMILY = "1,2";
			};
			name = Debug;
		};
		8108C43025F3B22D00060F68 /* Release */ = {
			isa = XCBuildConfiguration;
			buildSettings = {
				ASSETCATALOG_COMPILER_APPICON_NAME = AppIcon;
				ASSETCATALOG_COMPILER_GLOBAL_ACCENT_COLOR_NAME = AccentColor;
				CODE_SIGN_STYLE = Automatic;
				DEVELOPMENT_ASSET_PATHS = "\"BetterRest/Preview Content\"";
				DEVELOPMENT_TEAM = XM9V6QDM3G;
				ENABLE_PREVIEWS = YES;
				INFOPLIST_FILE = BetterRest/Info.plist;
				IPHONEOS_DEPLOYMENT_TARGET = 14.0;
				LD_RUNPATH_SEARCH_PATHS = (
					"$(inherited)",
					"@executable_path/Frameworks",
				);
				PRODUCT_BUNDLE_IDENTIFIER = com.elias.myronidis.BetterRest;
				PRODUCT_NAME = "$(TARGET_NAME)";
				SWIFT_VERSION = 5.0;
				TARGETED_DEVICE_FAMILY = "1,2";
			};
			name = Release;
		};
		812A2A332638680B00BD6603 /* Debug */ = {
			isa = XCBuildConfiguration;
			buildSettings = {
				ASSETCATALOG_COMPILER_APPICON_NAME = AppIcon;
				ASSETCATALOG_COMPILER_GLOBAL_ACCENT_COLOR_NAME = AccentColor;
				CODE_SIGN_STYLE = Automatic;
				DEVELOPMENT_ASSET_PATHS = "\"Bookworm/Preview Content\"";
				DEVELOPMENT_TEAM = XM9V6QDM3G;
				ENABLE_PREVIEWS = YES;
				INFOPLIST_FILE = Bookworm/Info.plist;
				IPHONEOS_DEPLOYMENT_TARGET = 14.5;
				LD_RUNPATH_SEARCH_PATHS = (
					"$(inherited)",
					"@executable_path/Frameworks",
				);
				PRODUCT_BUNDLE_IDENTIFIER = com.elias.myronidis.Bookworm;
				PRODUCT_NAME = "$(TARGET_NAME)";
				SWIFT_VERSION = 5.0;
				TARGETED_DEVICE_FAMILY = "1,2";
			};
			name = Debug;
		};
		812A2A342638680B00BD6603 /* Release */ = {
			isa = XCBuildConfiguration;
			buildSettings = {
				ASSETCATALOG_COMPILER_APPICON_NAME = AppIcon;
				ASSETCATALOG_COMPILER_GLOBAL_ACCENT_COLOR_NAME = AccentColor;
				CODE_SIGN_STYLE = Automatic;
				DEVELOPMENT_ASSET_PATHS = "\"Bookworm/Preview Content\"";
				DEVELOPMENT_TEAM = XM9V6QDM3G;
				ENABLE_PREVIEWS = YES;
				INFOPLIST_FILE = Bookworm/Info.plist;
				IPHONEOS_DEPLOYMENT_TARGET = 14.5;
				LD_RUNPATH_SEARCH_PATHS = (
					"$(inherited)",
					"@executable_path/Frameworks",
				);
				PRODUCT_BUNDLE_IDENTIFIER = com.elias.myronidis.Bookworm;
				PRODUCT_NAME = "$(TARGET_NAME)";
				SWIFT_VERSION = 5.0;
				TARGETED_DEVICE_FAMILY = "1,2";
			};
			name = Release;
		};
		813455A125F0129B00DB3375 /* Debug */ = {
			isa = XCBuildConfiguration;
			buildSettings = {
				ALWAYS_SEARCH_USER_PATHS = NO;
				CLANG_ANALYZER_NONNULL = YES;
				CLANG_ANALYZER_NUMBER_OBJECT_CONVERSION = YES_AGGRESSIVE;
				CLANG_CXX_LANGUAGE_STANDARD = "gnu++14";
				CLANG_CXX_LIBRARY = "libc++";
				CLANG_ENABLE_MODULES = YES;
				CLANG_ENABLE_OBJC_ARC = YES;
				CLANG_ENABLE_OBJC_WEAK = YES;
				CLANG_WARN_BLOCK_CAPTURE_AUTORELEASING = YES;
				CLANG_WARN_BOOL_CONVERSION = YES;
				CLANG_WARN_COMMA = YES;
				CLANG_WARN_CONSTANT_CONVERSION = YES;
				CLANG_WARN_DEPRECATED_OBJC_IMPLEMENTATIONS = YES;
				CLANG_WARN_DIRECT_OBJC_ISA_USAGE = YES_ERROR;
				CLANG_WARN_DOCUMENTATION_COMMENTS = YES;
				CLANG_WARN_EMPTY_BODY = YES;
				CLANG_WARN_ENUM_CONVERSION = YES;
				CLANG_WARN_INFINITE_RECURSION = YES;
				CLANG_WARN_INT_CONVERSION = YES;
				CLANG_WARN_NON_LITERAL_NULL_CONVERSION = YES;
				CLANG_WARN_OBJC_IMPLICIT_RETAIN_SELF = YES;
				CLANG_WARN_OBJC_LITERAL_CONVERSION = YES;
				CLANG_WARN_OBJC_ROOT_CLASS = YES_ERROR;
				CLANG_WARN_QUOTED_INCLUDE_IN_FRAMEWORK_HEADER = YES;
				CLANG_WARN_RANGE_LOOP_ANALYSIS = YES;
				CLANG_WARN_STRICT_PROTOTYPES = YES;
				CLANG_WARN_SUSPICIOUS_MOVE = YES;
				CLANG_WARN_UNGUARDED_AVAILABILITY = YES_AGGRESSIVE;
				CLANG_WARN_UNREACHABLE_CODE = YES;
				CLANG_WARN__DUPLICATE_METHOD_MATCH = YES;
				COPY_PHASE_STRIP = NO;
				DEBUG_INFORMATION_FORMAT = dwarf;
				ENABLE_STRICT_OBJC_MSGSEND = YES;
				ENABLE_TESTABILITY = YES;
				GCC_C_LANGUAGE_STANDARD = gnu11;
				GCC_DYNAMIC_NO_PIC = NO;
				GCC_NO_COMMON_BLOCKS = YES;
				GCC_OPTIMIZATION_LEVEL = 0;
				GCC_PREPROCESSOR_DEFINITIONS = (
					"DEBUG=1",
					"$(inherited)",
				);
				GCC_WARN_64_TO_32_BIT_CONVERSION = YES;
				GCC_WARN_ABOUT_RETURN_TYPE = YES_ERROR;
				GCC_WARN_UNDECLARED_SELECTOR = YES;
				GCC_WARN_UNINITIALIZED_AUTOS = YES_AGGRESSIVE;
				GCC_WARN_UNUSED_FUNCTION = YES;
				GCC_WARN_UNUSED_VARIABLE = YES;
				IPHONEOS_DEPLOYMENT_TARGET = 14.4;
				MTL_ENABLE_DEBUG_INFO = INCLUDE_SOURCE;
				MTL_FAST_MATH = YES;
				ONLY_ACTIVE_ARCH = YES;
				SDKROOT = iphoneos;
				SWIFT_ACTIVE_COMPILATION_CONDITIONS = DEBUG;
				SWIFT_OPTIMIZATION_LEVEL = "-Onone";
			};
			name = Debug;
		};
		813455A225F0129B00DB3375 /* Release */ = {
			isa = XCBuildConfiguration;
			buildSettings = {
				ALWAYS_SEARCH_USER_PATHS = NO;
				CLANG_ANALYZER_NONNULL = YES;
				CLANG_ANALYZER_NUMBER_OBJECT_CONVERSION = YES_AGGRESSIVE;
				CLANG_CXX_LANGUAGE_STANDARD = "gnu++14";
				CLANG_CXX_LIBRARY = "libc++";
				CLANG_ENABLE_MODULES = YES;
				CLANG_ENABLE_OBJC_ARC = YES;
				CLANG_ENABLE_OBJC_WEAK = YES;
				CLANG_WARN_BLOCK_CAPTURE_AUTORELEASING = YES;
				CLANG_WARN_BOOL_CONVERSION = YES;
				CLANG_WARN_COMMA = YES;
				CLANG_WARN_CONSTANT_CONVERSION = YES;
				CLANG_WARN_DEPRECATED_OBJC_IMPLEMENTATIONS = YES;
				CLANG_WARN_DIRECT_OBJC_ISA_USAGE = YES_ERROR;
				CLANG_WARN_DOCUMENTATION_COMMENTS = YES;
				CLANG_WARN_EMPTY_BODY = YES;
				CLANG_WARN_ENUM_CONVERSION = YES;
				CLANG_WARN_INFINITE_RECURSION = YES;
				CLANG_WARN_INT_CONVERSION = YES;
				CLANG_WARN_NON_LITERAL_NULL_CONVERSION = YES;
				CLANG_WARN_OBJC_IMPLICIT_RETAIN_SELF = YES;
				CLANG_WARN_OBJC_LITERAL_CONVERSION = YES;
				CLANG_WARN_OBJC_ROOT_CLASS = YES_ERROR;
				CLANG_WARN_QUOTED_INCLUDE_IN_FRAMEWORK_HEADER = YES;
				CLANG_WARN_RANGE_LOOP_ANALYSIS = YES;
				CLANG_WARN_STRICT_PROTOTYPES = YES;
				CLANG_WARN_SUSPICIOUS_MOVE = YES;
				CLANG_WARN_UNGUARDED_AVAILABILITY = YES_AGGRESSIVE;
				CLANG_WARN_UNREACHABLE_CODE = YES;
				CLANG_WARN__DUPLICATE_METHOD_MATCH = YES;
				COPY_PHASE_STRIP = NO;
				DEBUG_INFORMATION_FORMAT = "dwarf-with-dsym";
				ENABLE_NS_ASSERTIONS = NO;
				ENABLE_STRICT_OBJC_MSGSEND = YES;
				GCC_C_LANGUAGE_STANDARD = gnu11;
				GCC_NO_COMMON_BLOCKS = YES;
				GCC_WARN_64_TO_32_BIT_CONVERSION = YES;
				GCC_WARN_ABOUT_RETURN_TYPE = YES_ERROR;
				GCC_WARN_UNDECLARED_SELECTOR = YES;
				GCC_WARN_UNINITIALIZED_AUTOS = YES_AGGRESSIVE;
				GCC_WARN_UNUSED_FUNCTION = YES;
				GCC_WARN_UNUSED_VARIABLE = YES;
				IPHONEOS_DEPLOYMENT_TARGET = 14.4;
				MTL_ENABLE_DEBUG_INFO = NO;
				MTL_FAST_MATH = YES;
				SDKROOT = iphoneos;
				SWIFT_COMPILATION_MODE = wholemodule;
				SWIFT_OPTIMIZATION_LEVEL = "-O";
				VALIDATE_PRODUCT = YES;
			};
			name = Release;
		};
		813455B825F012DE00DB3375 /* Debug */ = {
			isa = XCBuildConfiguration;
			buildSettings = {
				ASSETCATALOG_COMPILER_APPICON_NAME = AppIcon;
				ASSETCATALOG_COMPILER_GLOBAL_ACCENT_COLOR_NAME = AccentColor;
				CODE_SIGN_STYLE = Automatic;
				DEVELOPMENT_ASSET_PATHS = "\"WeSplit/Preview Content\"";
				DEVELOPMENT_TEAM = XM9V6QDM3G;
				ENABLE_PREVIEWS = YES;
				INFOPLIST_FILE = WeSplit/Info.plist;
				IPHONEOS_DEPLOYMENT_TARGET = 14.0;
				LD_RUNPATH_SEARCH_PATHS = (
					"$(inherited)",
					"@executable_path/Frameworks",
				);
				PRODUCT_BUNDLE_IDENTIFIER = com.elias.myronidis.WeSplit;
				PRODUCT_NAME = "$(TARGET_NAME)";
				SWIFT_VERSION = 5.0;
				TARGETED_DEVICE_FAMILY = "1,2";
			};
			name = Debug;
		};
		813455B925F012DE00DB3375 /* Release */ = {
			isa = XCBuildConfiguration;
			buildSettings = {
				ASSETCATALOG_COMPILER_APPICON_NAME = AppIcon;
				ASSETCATALOG_COMPILER_GLOBAL_ACCENT_COLOR_NAME = AccentColor;
				CODE_SIGN_STYLE = Automatic;
				DEVELOPMENT_ASSET_PATHS = "\"WeSplit/Preview Content\"";
				DEVELOPMENT_TEAM = XM9V6QDM3G;
				ENABLE_PREVIEWS = YES;
				INFOPLIST_FILE = WeSplit/Info.plist;
				IPHONEOS_DEPLOYMENT_TARGET = 14.0;
				LD_RUNPATH_SEARCH_PATHS = (
					"$(inherited)",
					"@executable_path/Frameworks",
				);
				PRODUCT_BUNDLE_IDENTIFIER = com.elias.myronidis.WeSplit;
				PRODUCT_NAME = "$(TARGET_NAME)";
				SWIFT_VERSION = 5.0;
				TARGETED_DEVICE_FAMILY = "1,2";
			};
			name = Release;
		};
		814228DD25FE8D2100D0332B /* Debug */ = {
			isa = XCBuildConfiguration;
			buildSettings = {
				ASSETCATALOG_COMPILER_APPICON_NAME = AppIcon;
				ASSETCATALOG_COMPILER_GLOBAL_ACCENT_COLOR_NAME = AccentColor;
				CODE_SIGN_STYLE = Automatic;
				DEVELOPMENT_ASSET_PATHS = "\"Animations/Preview Content\"";
				DEVELOPMENT_TEAM = XM9V6QDM3G;
				ENABLE_PREVIEWS = YES;
				INFOPLIST_FILE = Animations/Info.plist;
				IPHONEOS_DEPLOYMENT_TARGET = 14.0;
				LD_RUNPATH_SEARCH_PATHS = (
					"$(inherited)",
					"@executable_path/Frameworks",
				);
				PRODUCT_BUNDLE_IDENTIFIER = com.elias.myronidis.Animations;
				PRODUCT_NAME = "$(TARGET_NAME)";
				SWIFT_VERSION = 5.0;
				TARGETED_DEVICE_FAMILY = "1,2";
			};
			name = Debug;
		};
		814228DE25FE8D2100D0332B /* Release */ = {
			isa = XCBuildConfiguration;
			buildSettings = {
				ASSETCATALOG_COMPILER_APPICON_NAME = AppIcon;
				ASSETCATALOG_COMPILER_GLOBAL_ACCENT_COLOR_NAME = AccentColor;
				CODE_SIGN_STYLE = Automatic;
				DEVELOPMENT_ASSET_PATHS = "\"Animations/Preview Content\"";
				DEVELOPMENT_TEAM = XM9V6QDM3G;
				ENABLE_PREVIEWS = YES;
				INFOPLIST_FILE = Animations/Info.plist;
				IPHONEOS_DEPLOYMENT_TARGET = 14.0;
				LD_RUNPATH_SEARCH_PATHS = (
					"$(inherited)",
					"@executable_path/Frameworks",
				);
				PRODUCT_BUNDLE_IDENTIFIER = com.elias.myronidis.Animations;
				PRODUCT_NAME = "$(TARGET_NAME)";
				SWIFT_VERSION = 5.0;
				TARGETED_DEVICE_FAMILY = "1,2";
			};
			name = Release;
		};
		815FEA8F25F2A602009ED286 /* Debug */ = {
			isa = XCBuildConfiguration;
			buildSettings = {
				ASSETCATALOG_COMPILER_APPICON_NAME = AppIcon;
				ASSETCATALOG_COMPILER_GLOBAL_ACCENT_COLOR_NAME = AccentColor;
				CODE_SIGN_STYLE = Automatic;
				DEVELOPMENT_ASSET_PATHS = "\"ViewsAndModifiers/Preview Content\"";
				DEVELOPMENT_TEAM = XM9V6QDM3G;
				ENABLE_PREVIEWS = YES;
				INFOPLIST_FILE = ViewsAndModifiers/Info.plist;
				IPHONEOS_DEPLOYMENT_TARGET = 14.0;
				LD_RUNPATH_SEARCH_PATHS = (
					"$(inherited)",
					"@executable_path/Frameworks",
				);
				PRODUCT_BUNDLE_IDENTIFIER = com.elias.myronidis.ViewsAndModifiers;
				PRODUCT_NAME = "$(TARGET_NAME)";
				SWIFT_VERSION = 5.0;
				TARGETED_DEVICE_FAMILY = "1,2";
			};
			name = Debug;
		};
		815FEA9025F2A602009ED286 /* Release */ = {
			isa = XCBuildConfiguration;
			buildSettings = {
				ASSETCATALOG_COMPILER_APPICON_NAME = AppIcon;
				ASSETCATALOG_COMPILER_GLOBAL_ACCENT_COLOR_NAME = AccentColor;
				CODE_SIGN_STYLE = Automatic;
				DEVELOPMENT_ASSET_PATHS = "\"ViewsAndModifiers/Preview Content\"";
				DEVELOPMENT_TEAM = XM9V6QDM3G;
				ENABLE_PREVIEWS = YES;
				INFOPLIST_FILE = ViewsAndModifiers/Info.plist;
				IPHONEOS_DEPLOYMENT_TARGET = 14.0;
				LD_RUNPATH_SEARCH_PATHS = (
					"$(inherited)",
					"@executable_path/Frameworks",
				);
				PRODUCT_BUNDLE_IDENTIFIER = com.elias.myronidis.ViewsAndModifiers;
				PRODUCT_NAME = "$(TARGET_NAME)";
				SWIFT_VERSION = 5.0;
				TARGETED_DEVICE_FAMILY = "1,2";
			};
			name = Release;
		};
		8169AC0C263ABA030051706A /* Debug */ = {
			isa = XCBuildConfiguration;
			buildSettings = {
				ASSETCATALOG_COMPILER_APPICON_NAME = AppIcon;
				ASSETCATALOG_COMPILER_GLOBAL_ACCENT_COLOR_NAME = AccentColor;
				CODE_SIGN_STYLE = Automatic;
				DEVELOPMENT_ASSET_PATHS = "\"Instafilter/Preview Content\"";
				DEVELOPMENT_TEAM = XM9V6QDM3G;
				ENABLE_PREVIEWS = YES;
				INFOPLIST_FILE = Instafilter/Info.plist;
				IPHONEOS_DEPLOYMENT_TARGET = 14.5;
				LD_RUNPATH_SEARCH_PATHS = (
					"$(inherited)",
					"@executable_path/Frameworks",
				);
				PRODUCT_BUNDLE_IDENTIFIER = com.elias.myronidis.Instafilter;
				PRODUCT_NAME = "$(TARGET_NAME)";
				SWIFT_VERSION = 5.0;
				TARGETED_DEVICE_FAMILY = "1,2";
			};
			name = Debug;
		};
		8169AC0D263ABA030051706A /* Release */ = {
			isa = XCBuildConfiguration;
			buildSettings = {
				ASSETCATALOG_COMPILER_APPICON_NAME = AppIcon;
				ASSETCATALOG_COMPILER_GLOBAL_ACCENT_COLOR_NAME = AccentColor;
				CODE_SIGN_STYLE = Automatic;
				DEVELOPMENT_ASSET_PATHS = "\"Instafilter/Preview Content\"";
				DEVELOPMENT_TEAM = XM9V6QDM3G;
				ENABLE_PREVIEWS = YES;
				INFOPLIST_FILE = Instafilter/Info.plist;
				IPHONEOS_DEPLOYMENT_TARGET = 14.5;
				LD_RUNPATH_SEARCH_PATHS = (
					"$(inherited)",
					"@executable_path/Frameworks",
				);
				PRODUCT_BUNDLE_IDENTIFIER = com.elias.myronidis.Instafilter;
				PRODUCT_NAME = "$(TARGET_NAME)";
				SWIFT_VERSION = 5.0;
				TARGETED_DEVICE_FAMILY = "1,2";
			};
			name = Release;
		};
		81A1A5D72632CFD500638C8C /* Debug */ = {
			isa = XCBuildConfiguration;
			buildSettings = {
				ASSETCATALOG_COMPILER_APPICON_NAME = AppIcon;
				ASSETCATALOG_COMPILER_GLOBAL_ACCENT_COLOR_NAME = AccentColor;
				CODE_SIGN_STYLE = Automatic;
				DEVELOPMENT_ASSET_PATHS = "\"CupcakeCorner/Preview Content\"";
				DEVELOPMENT_TEAM = XM9V6QDM3G;
				ENABLE_PREVIEWS = YES;
				INFOPLIST_FILE = CupcakeCorner/Info.plist;
				IPHONEOS_DEPLOYMENT_TARGET = 14.0;
				LD_RUNPATH_SEARCH_PATHS = (
					"$(inherited)",
					"@executable_path/Frameworks",
				);
				PRODUCT_BUNDLE_IDENTIFIER = com.elias.myronidis.CupcakeCorner;
				PRODUCT_NAME = "$(TARGET_NAME)";
				SWIFT_VERSION = 5.0;
				TARGETED_DEVICE_FAMILY = "1,2";
			};
			name = Debug;
		};
		81A1A5D82632CFD500638C8C /* Release */ = {
			isa = XCBuildConfiguration;
			buildSettings = {
				ASSETCATALOG_COMPILER_APPICON_NAME = AppIcon;
				ASSETCATALOG_COMPILER_GLOBAL_ACCENT_COLOR_NAME = AccentColor;
				CODE_SIGN_STYLE = Automatic;
				DEVELOPMENT_ASSET_PATHS = "\"CupcakeCorner/Preview Content\"";
				DEVELOPMENT_TEAM = XM9V6QDM3G;
				ENABLE_PREVIEWS = YES;
				INFOPLIST_FILE = CupcakeCorner/Info.plist;
				IPHONEOS_DEPLOYMENT_TARGET = 14.0;
				LD_RUNPATH_SEARCH_PATHS = (
					"$(inherited)",
					"@executable_path/Frameworks",
				);
				PRODUCT_BUNDLE_IDENTIFIER = com.elias.myronidis.CupcakeCorner;
				PRODUCT_NAME = "$(TARGET_NAME)";
				SWIFT_VERSION = 5.0;
				TARGETED_DEVICE_FAMILY = "1,2";
			};
			name = Release;
		};
		81A6372F260D028B007E2BAA /* Debug */ = {
			isa = XCBuildConfiguration;
			buildSettings = {
				ASSETCATALOG_COMPILER_APPICON_NAME = AppIcon;
				ASSETCATALOG_COMPILER_GLOBAL_ACCENT_COLOR_NAME = AccentColor;
				CODE_SIGN_STYLE = Automatic;
				DEVELOPMENT_ASSET_PATHS = "\"iExpense/Preview Content\"";
				DEVELOPMENT_TEAM = XM9V6QDM3G;
				ENABLE_PREVIEWS = YES;
				INFOPLIST_FILE = iExpense/Info.plist;
				IPHONEOS_DEPLOYMENT_TARGET = 14.0;
				LD_RUNPATH_SEARCH_PATHS = (
					"$(inherited)",
					"@executable_path/Frameworks",
				);
				PRODUCT_BUNDLE_IDENTIFIER = com.elias.myronidis.iExpense;
				PRODUCT_NAME = "$(TARGET_NAME)";
				SWIFT_VERSION = 5.0;
				TARGETED_DEVICE_FAMILY = "1,2";
			};
			name = Debug;
		};
		81A63730260D028B007E2BAA /* Release */ = {
			isa = XCBuildConfiguration;
			buildSettings = {
				ASSETCATALOG_COMPILER_APPICON_NAME = AppIcon;
				ASSETCATALOG_COMPILER_GLOBAL_ACCENT_COLOR_NAME = AccentColor;
				CODE_SIGN_STYLE = Automatic;
				DEVELOPMENT_ASSET_PATHS = "\"iExpense/Preview Content\"";
				DEVELOPMENT_TEAM = XM9V6QDM3G;
				ENABLE_PREVIEWS = YES;
				INFOPLIST_FILE = iExpense/Info.plist;
				IPHONEOS_DEPLOYMENT_TARGET = 14.0;
				LD_RUNPATH_SEARCH_PATHS = (
					"$(inherited)",
					"@executable_path/Frameworks",
				);
				PRODUCT_BUNDLE_IDENTIFIER = com.elias.myronidis.iExpense;
				PRODUCT_NAME = "$(TARGET_NAME)";
				SWIFT_VERSION = 5.0;
				TARGETED_DEVICE_FAMILY = "1,2";
			};
			name = Release;
		};
		81A7FC6B25F11F2400A44FA0 /* Debug */ = {
			isa = XCBuildConfiguration;
			buildSettings = {
				ASSETCATALOG_COMPILER_APPICON_NAME = AppIcon;
				ASSETCATALOG_COMPILER_GLOBAL_ACCENT_COLOR_NAME = AccentColor;
				CODE_SIGN_STYLE = Automatic;
				DEVELOPMENT_ASSET_PATHS = "\"GuessTheFlag/Preview Content\"";
				DEVELOPMENT_TEAM = XM9V6QDM3G;
				ENABLE_PREVIEWS = YES;
				INFOPLIST_FILE = GuessTheFlag/Info.plist;
				IPHONEOS_DEPLOYMENT_TARGET = 14.0;
				LD_RUNPATH_SEARCH_PATHS = (
					"$(inherited)",
					"@executable_path/Frameworks",
				);
				PRODUCT_BUNDLE_IDENTIFIER = com.elias.myronidis.GuessTheFlag;
				PRODUCT_NAME = "$(TARGET_NAME)";
				SWIFT_VERSION = 5.0;
				TARGETED_DEVICE_FAMILY = "1,2";
			};
			name = Debug;
		};
		81A7FC6C25F11F2400A44FA0 /* Release */ = {
			isa = XCBuildConfiguration;
			buildSettings = {
				ASSETCATALOG_COMPILER_APPICON_NAME = AppIcon;
				ASSETCATALOG_COMPILER_GLOBAL_ACCENT_COLOR_NAME = AccentColor;
				CODE_SIGN_STYLE = Automatic;
				DEVELOPMENT_ASSET_PATHS = "\"GuessTheFlag/Preview Content\"";
				DEVELOPMENT_TEAM = XM9V6QDM3G;
				ENABLE_PREVIEWS = YES;
				INFOPLIST_FILE = GuessTheFlag/Info.plist;
				IPHONEOS_DEPLOYMENT_TARGET = 14.0;
				LD_RUNPATH_SEARCH_PATHS = (
					"$(inherited)",
					"@executable_path/Frameworks",
				);
				PRODUCT_BUNDLE_IDENTIFIER = com.elias.myronidis.GuessTheFlag;
				PRODUCT_NAME = "$(TARGET_NAME)";
				SWIFT_VERSION = 5.0;
				TARGETED_DEVICE_FAMILY = "1,2";
			};
			name = Release;
		};
		81B9AB8525F4310D00390A94 /* Debug */ = {
			isa = XCBuildConfiguration;
			buildSettings = {
				ASSETCATALOG_COMPILER_APPICON_NAME = AppIcon;
				ASSETCATALOG_COMPILER_GLOBAL_ACCENT_COLOR_NAME = AccentColor;
				CODE_SIGN_STYLE = Automatic;
				DEVELOPMENT_ASSET_PATHS = "\"WordScramble/Preview Content\"";
				DEVELOPMENT_TEAM = XM9V6QDM3G;
				ENABLE_PREVIEWS = YES;
				INFOPLIST_FILE = WordScramble/Info.plist;
				IPHONEOS_DEPLOYMENT_TARGET = 14.0;
				LD_RUNPATH_SEARCH_PATHS = (
					"$(inherited)",
					"@executable_path/Frameworks",
				);
				PRODUCT_BUNDLE_IDENTIFIER = com.elias.myronidis.WordScramble;
				PRODUCT_NAME = "$(TARGET_NAME)";
				SWIFT_VERSION = 5.0;
				TARGETED_DEVICE_FAMILY = "1,2";
			};
			name = Debug;
		};
		81B9AB8625F4310D00390A94 /* Release */ = {
			isa = XCBuildConfiguration;
			buildSettings = {
				ASSETCATALOG_COMPILER_APPICON_NAME = AppIcon;
				ASSETCATALOG_COMPILER_GLOBAL_ACCENT_COLOR_NAME = AccentColor;
				CODE_SIGN_STYLE = Automatic;
				DEVELOPMENT_ASSET_PATHS = "\"WordScramble/Preview Content\"";
				DEVELOPMENT_TEAM = XM9V6QDM3G;
				ENABLE_PREVIEWS = YES;
				INFOPLIST_FILE = WordScramble/Info.plist;
				IPHONEOS_DEPLOYMENT_TARGET = 14.0;
				LD_RUNPATH_SEARCH_PATHS = (
					"$(inherited)",
					"@executable_path/Frameworks",
				);
				PRODUCT_BUNDLE_IDENTIFIER = com.elias.myronidis.WordScramble;
				PRODUCT_NAME = "$(TARGET_NAME)";
				SWIFT_VERSION = 5.0;
				TARGETED_DEVICE_FAMILY = "1,2";
			};
			name = Release;
		};
		81F2B403262ED6D6006B8622 /* Debug */ = {
			isa = XCBuildConfiguration;
			buildSettings = {
				ASSETCATALOG_COMPILER_APPICON_NAME = AppIcon;
				ASSETCATALOG_COMPILER_GLOBAL_ACCENT_COLOR_NAME = AccentColor;
				CODE_SIGN_STYLE = Automatic;
				DEVELOPMENT_ASSET_PATHS = "\"Moonshot/Preview Content\"";
				DEVELOPMENT_TEAM = XM9V6QDM3G;
				ENABLE_PREVIEWS = YES;
				INFOPLIST_FILE = Moonshot/Info.plist;
				IPHONEOS_DEPLOYMENT_TARGET = 14.0;
				LD_RUNPATH_SEARCH_PATHS = (
					"$(inherited)",
					"@executable_path/Frameworks",
				);
				PRODUCT_BUNDLE_IDENTIFIER = com.elias.myronidis.Moonshot;
				PRODUCT_NAME = "$(TARGET_NAME)";
				SWIFT_VERSION = 5.0;
				TARGETED_DEVICE_FAMILY = "1,2";
			};
			name = Debug;
		};
		81F2B404262ED6D6006B8622 /* Release */ = {
			isa = XCBuildConfiguration;
			buildSettings = {
				ASSETCATALOG_COMPILER_APPICON_NAME = AppIcon;
				ASSETCATALOG_COMPILER_GLOBAL_ACCENT_COLOR_NAME = AccentColor;
				CODE_SIGN_STYLE = Automatic;
				DEVELOPMENT_ASSET_PATHS = "\"Moonshot/Preview Content\"";
				DEVELOPMENT_TEAM = XM9V6QDM3G;
				ENABLE_PREVIEWS = YES;
				INFOPLIST_FILE = Moonshot/Info.plist;
				IPHONEOS_DEPLOYMENT_TARGET = 14.0;
				LD_RUNPATH_SEARCH_PATHS = (
					"$(inherited)",
					"@executable_path/Frameworks",
				);
				PRODUCT_BUNDLE_IDENTIFIER = com.elias.myronidis.Moonshot;
				PRODUCT_NAME = "$(TARGET_NAME)";
				SWIFT_VERSION = 5.0;
				TARGETED_DEVICE_FAMILY = "1,2";
			};
			name = Release;
		};
/* End XCBuildConfiguration section */

/* Begin XCConfigurationList section */
		8108C43125F3B22D00060F68 /* Build configuration list for PBXNativeTarget "BetterRest" */ = {
			isa = XCConfigurationList;
			buildConfigurations = (
				8108C42F25F3B22D00060F68 /* Debug */,
				8108C43025F3B22D00060F68 /* Release */,
			);
			defaultConfigurationIsVisible = 0;
			defaultConfigurationName = Release;
		};
		812A2A352638680B00BD6603 /* Build configuration list for PBXNativeTarget "Bookworm" */ = {
			isa = XCConfigurationList;
			buildConfigurations = (
				812A2A332638680B00BD6603 /* Debug */,
				812A2A342638680B00BD6603 /* Release */,
			);
			defaultConfigurationIsVisible = 0;
			defaultConfigurationName = Release;
		};
		8134558F25F0129800DB3375 /* Build configuration list for PBXProject "HackingWithSwiftUI" */ = {
			isa = XCConfigurationList;
			buildConfigurations = (
				813455A125F0129B00DB3375 /* Debug */,
				813455A225F0129B00DB3375 /* Release */,
			);
			defaultConfigurationIsVisible = 0;
			defaultConfigurationName = Release;
		};
		813455B725F012DE00DB3375 /* Build configuration list for PBXNativeTarget "WeSplit" */ = {
			isa = XCConfigurationList;
			buildConfigurations = (
				813455B825F012DE00DB3375 /* Debug */,
				813455B925F012DE00DB3375 /* Release */,
			);
			defaultConfigurationIsVisible = 0;
			defaultConfigurationName = Release;
		};
		814228DF25FE8D2100D0332B /* Build configuration list for PBXNativeTarget "Animations" */ = {
			isa = XCConfigurationList;
			buildConfigurations = (
				814228DD25FE8D2100D0332B /* Debug */,
				814228DE25FE8D2100D0332B /* Release */,
			);
			defaultConfigurationIsVisible = 0;
			defaultConfigurationName = Release;
		};
		815FEA9125F2A602009ED286 /* Build configuration list for PBXNativeTarget "ViewsAndModifiers" */ = {
			isa = XCConfigurationList;
			buildConfigurations = (
				815FEA8F25F2A602009ED286 /* Debug */,
				815FEA9025F2A602009ED286 /* Release */,
			);
			defaultConfigurationIsVisible = 0;
			defaultConfigurationName = Release;
		};
		8169AC0E263ABA030051706A /* Build configuration list for PBXNativeTarget "Instafilter" */ = {
			isa = XCConfigurationList;
			buildConfigurations = (
				8169AC0C263ABA030051706A /* Debug */,
				8169AC0D263ABA030051706A /* Release */,
			);
			defaultConfigurationIsVisible = 0;
			defaultConfigurationName = Release;
		};
		81A1A5D92632CFD600638C8C /* Build configuration list for PBXNativeTarget "CupcakeCorner" */ = {
			isa = XCConfigurationList;
			buildConfigurations = (
				81A1A5D72632CFD500638C8C /* Debug */,
				81A1A5D82632CFD500638C8C /* Release */,
			);
			defaultConfigurationIsVisible = 0;
			defaultConfigurationName = Release;
		};
		81A63731260D028B007E2BAA /* Build configuration list for PBXNativeTarget "iExpense" */ = {
			isa = XCConfigurationList;
			buildConfigurations = (
				81A6372F260D028B007E2BAA /* Debug */,
				81A63730260D028B007E2BAA /* Release */,
			);
			defaultConfigurationIsVisible = 0;
			defaultConfigurationName = Release;
		};
		81A7FC6D25F11F2400A44FA0 /* Build configuration list for PBXNativeTarget "GuessTheFlag" */ = {
			isa = XCConfigurationList;
			buildConfigurations = (
				81A7FC6B25F11F2400A44FA0 /* Debug */,
				81A7FC6C25F11F2400A44FA0 /* Release */,
			);
			defaultConfigurationIsVisible = 0;
			defaultConfigurationName = Release;
		};
		81B9AB8425F4310D00390A94 /* Build configuration list for PBXNativeTarget "WordScramble" */ = {
			isa = XCConfigurationList;
			buildConfigurations = (
				81B9AB8525F4310D00390A94 /* Debug */,
				81B9AB8625F4310D00390A94 /* Release */,
			);
			defaultConfigurationIsVisible = 0;
			defaultConfigurationName = Release;
		};
		81F2B405262ED6D6006B8622 /* Build configuration list for PBXNativeTarget "Moonshot" */ = {
			isa = XCConfigurationList;
			buildConfigurations = (
				81F2B403262ED6D6006B8622 /* Debug */,
				81F2B404262ED6D6006B8622 /* Release */,
			);
			defaultConfigurationIsVisible = 0;
			defaultConfigurationName = Release;
		};
/* End XCConfigurationList section */

/* Begin XCVersionGroup section */
		812A2A2F2638680B00BD6603 /* Bookworm.xcdatamodeld */ = {
			isa = XCVersionGroup;
			children = (
				812A2A302638680B00BD6603 /* Bookworm.xcdatamodel */,
			);
			currentVersion = 812A2A302638680B00BD6603 /* Bookworm.xcdatamodel */;
			path = Bookworm.xcdatamodeld;
			sourceTree = "<group>";
			versionGroupType = wrapper.xcdatamodel;
		};
/* End XCVersionGroup section */
	};
	rootObject = 8134558C25F0129800DB3375 /* Project object */;
}
